// !$*UTF8*$!
{
	archiveVersion = 1;
	classes = {
	};
	objectVersion = 56;
	objects = {

/* Begin PBXBuildFile section */
		F74956D529C76FAD009B8CA7 /* AppDelegate.swift in Sources */ = {isa = PBXBuildFile; fileRef = F74956D429C76FAD009B8CA7 /* AppDelegate.swift */; };
		F74956D729C76FAD009B8CA7 /* SceneDelegate.swift in Sources */ = {isa = PBXBuildFile; fileRef = F74956D629C76FAD009B8CA7 /* SceneDelegate.swift */; };
		F74956DC29C76FAD009B8CA7 /* Main.storyboard in Resources */ = {isa = PBXBuildFile; fileRef = F74956DA29C76FAD009B8CA7 /* Main.storyboard */; };
		F74956DE29C76FAE009B8CA7 /* Assets.xcassets in Resources */ = {isa = PBXBuildFile; fileRef = F74956DD29C76FAE009B8CA7 /* Assets.xcassets */; };
		F74956E129C76FAE009B8CA7 /* LaunchScreen.storyboard in Resources */ = {isa = PBXBuildFile; fileRef = F74956DF29C76FAE009B8CA7 /* LaunchScreen.storyboard */; };
		F74956EC29C76FAF009B8CA7 /* Hungry_Tests.swift in Sources */ = {isa = PBXBuildFile; fileRef = F74956EB29C76FAF009B8CA7 /* Hungry_Tests.swift */; };
		F74956F629C76FAF009B8CA7 /* Hungry_UITests.swift in Sources */ = {isa = PBXBuildFile; fileRef = F74956F529C76FAF009B8CA7 /* Hungry_UITests.swift */; };
		F74956F829C76FAF009B8CA7 /* Hungry_UITestsLaunchTests.swift in Sources */ = {isa = PBXBuildFile; fileRef = F74956F729C76FAF009B8CA7 /* Hungry_UITestsLaunchTests.swift */; };
		F749570629C777C4009B8CA7 /* OnBoardingViewController.swift in Sources */ = {isa = PBXBuildFile; fileRef = F749570529C777C4009B8CA7 /* OnBoardingViewController.swift */; };
		F749570729C777C4009B8CA7 /* OnBoardingViewController.swift in Sources */ = {isa = PBXBuildFile; fileRef = F749570529C777C4009B8CA7 /* OnBoardingViewController.swift */; };
		F749570A29C77EE8009B8CA7 /* UIView+extension.swift in Sources */ = {isa = PBXBuildFile; fileRef = F749570929C77EE8009B8CA7 /* UIView+extension.swift */; };
		F749570B29C77EE8009B8CA7 /* UIView+extension.swift in Sources */ = {isa = PBXBuildFile; fileRef = F749570929C77EE8009B8CA7 /* UIView+extension.swift */; };
		F749570D29C78051009B8CA7 /* OnBoardingSlide.swift in Sources */ = {isa = PBXBuildFile; fileRef = F749570C29C78051009B8CA7 /* OnBoardingSlide.swift */; };
		F749570E29C78051009B8CA7 /* OnBoardingSlide.swift in Sources */ = {isa = PBXBuildFile; fileRef = F749570C29C78051009B8CA7 /* OnBoardingSlide.swift */; };
		F749571029C78131009B8CA7 /* OnBoardingViewModel.swift in Sources */ = {isa = PBXBuildFile; fileRef = F749570F29C78131009B8CA7 /* OnBoardingViewModel.swift */; };
		F749571129C78131009B8CA7 /* OnBoardingViewModel.swift in Sources */ = {isa = PBXBuildFile; fileRef = F749570F29C78131009B8CA7 /* OnBoardingViewModel.swift */; };
		F749571429C78347009B8CA7 /* OnBoardingCollectionViewCell.swift in Sources */ = {isa = PBXBuildFile; fileRef = F749571229C78347009B8CA7 /* OnBoardingCollectionViewCell.swift */; };
		F749571529C78347009B8CA7 /* OnBoardingCollectionViewCell.swift in Sources */ = {isa = PBXBuildFile; fileRef = F749571229C78347009B8CA7 /* OnBoardingCollectionViewCell.swift */; };
		F749571629C78347009B8CA7 /* OnBoardingCollectionViewCell.xib in Resources */ = {isa = PBXBuildFile; fileRef = F749571329C78347009B8CA7 /* OnBoardingCollectionViewCell.xib */; };
		F749571729C78347009B8CA7 /* OnBoardingCollectionViewCell.xib in Resources */ = {isa = PBXBuildFile; fileRef = F749571329C78347009B8CA7 /* OnBoardingCollectionViewCell.xib */; };
		F77419E329C7DC3500EB983B /* HomeViewController.swift in Sources */ = {isa = PBXBuildFile; fileRef = F77419E129C7DC3500EB983B /* HomeViewController.swift */; };
		F77419E429C7DC3500EB983B /* HomeViewController.swift in Sources */ = {isa = PBXBuildFile; fileRef = F77419E129C7DC3500EB983B /* HomeViewController.swift */; };
/* End PBXBuildFile section */

/* Begin PBXContainerItemProxy section */
		F74956E829C76FAF009B8CA7 /* PBXContainerItemProxy */ = {
			isa = PBXContainerItemProxy;
			containerPortal = F74956C929C76FAD009B8CA7 /* Project object */;
			proxyType = 1;
			remoteGlobalIDString = F74956D029C76FAD009B8CA7;
			remoteInfo = "Hungry!";
		};
		F74956F229C76FAF009B8CA7 /* PBXContainerItemProxy */ = {
			isa = PBXContainerItemProxy;
			containerPortal = F74956C929C76FAD009B8CA7 /* Project object */;
			proxyType = 1;
			remoteGlobalIDString = F74956D029C76FAD009B8CA7;
			remoteInfo = "Hungry!";
		};
/* End PBXContainerItemProxy section */

/* Begin PBXFileReference section */
		F74956D129C76FAD009B8CA7 /* Hungry!.app */ = {isa = PBXFileReference; explicitFileType = wrapper.application; includeInIndex = 0; path = "Hungry!.app"; sourceTree = BUILT_PRODUCTS_DIR; };
		F74956D429C76FAD009B8CA7 /* AppDelegate.swift */ = {isa = PBXFileReference; lastKnownFileType = sourcecode.swift; path = AppDelegate.swift; sourceTree = "<group>"; };
		F74956D629C76FAD009B8CA7 /* SceneDelegate.swift */ = {isa = PBXFileReference; lastKnownFileType = sourcecode.swift; path = SceneDelegate.swift; sourceTree = "<group>"; };
		F74956DB29C76FAD009B8CA7 /* Base */ = {isa = PBXFileReference; lastKnownFileType = file.storyboard; name = Base; path = Base.lproj/Main.storyboard; sourceTree = "<group>"; };
		F74956DD29C76FAE009B8CA7 /* Assets.xcassets */ = {isa = PBXFileReference; lastKnownFileType = folder.assetcatalog; path = Assets.xcassets; sourceTree = "<group>"; };
		F74956E029C76FAE009B8CA7 /* Base */ = {isa = PBXFileReference; lastKnownFileType = file.storyboard; name = Base; path = Base.lproj/LaunchScreen.storyboard; sourceTree = "<group>"; };
		F74956E229C76FAE009B8CA7 /* Info.plist */ = {isa = PBXFileReference; lastKnownFileType = text.plist.xml; path = Info.plist; sourceTree = "<group>"; };
		F74956E729C76FAF009B8CA7 /* Hungry!Tests.xctest */ = {isa = PBXFileReference; explicitFileType = wrapper.cfbundle; includeInIndex = 0; path = "Hungry!Tests.xctest"; sourceTree = BUILT_PRODUCTS_DIR; };
		F74956EB29C76FAF009B8CA7 /* Hungry_Tests.swift */ = {isa = PBXFileReference; lastKnownFileType = sourcecode.swift; path = Hungry_Tests.swift; sourceTree = "<group>"; };
		F74956F129C76FAF009B8CA7 /* Hungry!UITests.xctest */ = {isa = PBXFileReference; explicitFileType = wrapper.cfbundle; includeInIndex = 0; path = "Hungry!UITests.xctest"; sourceTree = BUILT_PRODUCTS_DIR; };
		F74956F529C76FAF009B8CA7 /* Hungry_UITests.swift */ = {isa = PBXFileReference; lastKnownFileType = sourcecode.swift; path = Hungry_UITests.swift; sourceTree = "<group>"; };
		F74956F729C76FAF009B8CA7 /* Hungry_UITestsLaunchTests.swift */ = {isa = PBXFileReference; lastKnownFileType = sourcecode.swift; path = Hungry_UITestsLaunchTests.swift; sourceTree = "<group>"; };
		F749570529C777C4009B8CA7 /* OnBoardingViewController.swift */ = {isa = PBXFileReference; lastKnownFileType = sourcecode.swift; path = OnBoardingViewController.swift; sourceTree = "<group>"; };
		F749570929C77EE8009B8CA7 /* UIView+extension.swift */ = {isa = PBXFileReference; lastKnownFileType = sourcecode.swift; path = "UIView+extension.swift"; sourceTree = "<group>"; };
		F749570C29C78051009B8CA7 /* OnBoardingSlide.swift */ = {isa = PBXFileReference; lastKnownFileType = sourcecode.swift; path = OnBoardingSlide.swift; sourceTree = "<group>"; };
		F749570F29C78131009B8CA7 /* OnBoardingViewModel.swift */ = {isa = PBXFileReference; lastKnownFileType = sourcecode.swift; path = OnBoardingViewModel.swift; sourceTree = "<group>"; };
		F749571229C78347009B8CA7 /* OnBoardingCollectionViewCell.swift */ = {isa = PBXFileReference; lastKnownFileType = sourcecode.swift; path = OnBoardingCollectionViewCell.swift; sourceTree = "<group>"; };
		F749571329C78347009B8CA7 /* OnBoardingCollectionViewCell.xib */ = {isa = PBXFileReference; lastKnownFileType = file.xib; path = OnBoardingCollectionViewCell.xib; sourceTree = "<group>"; };
		F77419E129C7DC3500EB983B /* HomeViewController.swift */ = {isa = PBXFileReference; lastKnownFileType = sourcecode.swift; path = HomeViewController.swift; sourceTree = "<group>"; };
/* End PBXFileReference section */

/* Begin PBXFrameworksBuildPhase section */
		F74956CE29C76FAD009B8CA7 /* Frameworks */ = {
			isa = PBXFrameworksBuildPhase;
			buildActionMask = 2147483647;
			files = (
			);
			runOnlyForDeploymentPostprocessing = 0;
		};
		F74956E429C76FAF009B8CA7 /* Frameworks */ = {
			isa = PBXFrameworksBuildPhase;
			buildActionMask = 2147483647;
			files = (
			);
			runOnlyForDeploymentPostprocessing = 0;
		};
		F74956EE29C76FAF009B8CA7 /* Frameworks */ = {
			isa = PBXFrameworksBuildPhase;
			buildActionMask = 2147483647;
			files = (
			);
			runOnlyForDeploymentPostprocessing = 0;
		};
/* End PBXFrameworksBuildPhase section */

/* Begin PBXGroup section */
		F74956C829C76FAD009B8CA7 = {
			isa = PBXGroup;
			children = (
				F74956D329C76FAD009B8CA7 /* Hungry! */,
				F74956EA29C76FAF009B8CA7 /* Hungry!Tests */,
				F74956F429C76FAF009B8CA7 /* Hungry!UITests */,
				F74956D229C76FAD009B8CA7 /* Products */,
			);
			sourceTree = "<group>";
		};
		F74956D229C76FAD009B8CA7 /* Products */ = {
			isa = PBXGroup;
			children = (
				F74956D129C76FAD009B8CA7 /* Hungry!.app */,
				F74956E729C76FAF009B8CA7 /* Hungry!Tests.xctest */,
				F74956F129C76FAF009B8CA7 /* Hungry!UITests.xctest */,
			);
			name = Products;
			sourceTree = "<group>";
		};
		F74956D329C76FAD009B8CA7 /* Hungry! */ = {
			isa = PBXGroup;
			children = (
				F749570829C77EB8009B8CA7 /* Extensions */,
				F749570429C77748009B8CA7 /* Models */,
				F74956D429C76FAD009B8CA7 /* AppDelegate.swift */,
				F74956D629C76FAD009B8CA7 /* SceneDelegate.swift */,
				F74956DA29C76FAD009B8CA7 /* Main.storyboard */,
				F74956DD29C76FAE009B8CA7 /* Assets.xcassets */,
				F74956DF29C76FAE009B8CA7 /* LaunchScreen.storyboard */,
				F74956E229C76FAE009B8CA7 /* Info.plist */,
				F749570529C777C4009B8CA7 /* OnBoardingViewController.swift */,
				F749570F29C78131009B8CA7 /* OnBoardingViewModel.swift */,
				F749571229C78347009B8CA7 /* OnBoardingCollectionViewCell.swift */,
				F749571329C78347009B8CA7 /* OnBoardingCollectionViewCell.xib */,
				F77419E129C7DC3500EB983B /* HomeViewController.swift */,
			);
			path = "Hungry!";
			sourceTree = "<group>";
		};
		F74956EA29C76FAF009B8CA7 /* Hungry!Tests */ = {
			isa = PBXGroup;
			children = (
				F74956EB29C76FAF009B8CA7 /* Hungry_Tests.swift */,
			);
			path = "Hungry!Tests";
			sourceTree = "<group>";
		};
		F74956F429C76FAF009B8CA7 /* Hungry!UITests */ = {
			isa = PBXGroup;
			children = (
				F74956F529C76FAF009B8CA7 /* Hungry_UITests.swift */,
				F74956F729C76FAF009B8CA7 /* Hungry_UITestsLaunchTests.swift */,
			);
			path = "Hungry!UITests";
			sourceTree = "<group>";
		};
		F749570429C77748009B8CA7 /* Models */ = {
			isa = PBXGroup;
			children = (
				F749570C29C78051009B8CA7 /* OnBoardingSlide.swift */,
			);
			path = Models;
			sourceTree = "<group>";
		};
		F749570829C77EB8009B8CA7 /* Extensions */ = {
			isa = PBXGroup;
			children = (
				F749570929C77EE8009B8CA7 /* UIView+extension.swift */,
			);
			path = Extensions;
			sourceTree = "<group>";
		};
/* End PBXGroup section */

/* Begin PBXNativeTarget section */
		F74956D029C76FAD009B8CA7 /* Hungry! */ = {
			isa = PBXNativeTarget;
			buildConfigurationList = F74956FB29C76FAF009B8CA7 /* Build configuration list for PBXNativeTarget "Hungry!" */;
			buildPhases = (
				F74956CD29C76FAD009B8CA7 /* Sources */,
				F74956CE29C76FAD009B8CA7 /* Frameworks */,
				F74956CF29C76FAD009B8CA7 /* Resources */,
			);
			buildRules = (
			);
			dependencies = (
			);
			name = "Hungry!";
			productName = "Hungry!";
			productReference = F74956D129C76FAD009B8CA7 /* Hungry!.app */;
			productType = "com.apple.product-type.application";
		};
		F74956E629C76FAF009B8CA7 /* Hungry!Tests */ = {
			isa = PBXNativeTarget;
			buildConfigurationList = F74956FE29C76FAF009B8CA7 /* Build configuration list for PBXNativeTarget "Hungry!Tests" */;
			buildPhases = (
				F74956E329C76FAF009B8CA7 /* Sources */,
				F74956E429C76FAF009B8CA7 /* Frameworks */,
				F74956E529C76FAF009B8CA7 /* Resources */,
			);
			buildRules = (
			);
			dependencies = (
				F74956E929C76FAF009B8CA7 /* PBXTargetDependency */,
			);
			name = "Hungry!Tests";
			productName = "Hungry!Tests";
			productReference = F74956E729C76FAF009B8CA7 /* Hungry!Tests.xctest */;
			productType = "com.apple.product-type.bundle.unit-test";
		};
		F74956F029C76FAF009B8CA7 /* Hungry!UITests */ = {
			isa = PBXNativeTarget;
			buildConfigurationList = F749570129C76FAF009B8CA7 /* Build configuration list for PBXNativeTarget "Hungry!UITests" */;
			buildPhases = (
				F74956ED29C76FAF009B8CA7 /* Sources */,
				F74956EE29C76FAF009B8CA7 /* Frameworks */,
				F74956EF29C76FAF009B8CA7 /* Resources */,
			);
			buildRules = (
			);
			dependencies = (
				F74956F329C76FAF009B8CA7 /* PBXTargetDependency */,
			);
			name = "Hungry!UITests";
			productName = "Hungry!UITests";
			productReference = F74956F129C76FAF009B8CA7 /* Hungry!UITests.xctest */;
			productType = "com.apple.product-type.bundle.ui-testing";
		};
/* End PBXNativeTarget section */

/* Begin PBXProject section */
		F74956C929C76FAD009B8CA7 /* Project object */ = {
			isa = PBXProject;
			attributes = {
				BuildIndependentTargetsInParallel = 1;
				LastSwiftUpdateCheck = 1410;
				LastUpgradeCheck = 1410;
				TargetAttributes = {
					F74956D029C76FAD009B8CA7 = {
						CreatedOnToolsVersion = 14.1;
					};
					F74956E629C76FAF009B8CA7 = {
						CreatedOnToolsVersion = 14.1;
						TestTargetID = F74956D029C76FAD009B8CA7;
					};
					F74956F029C76FAF009B8CA7 = {
						CreatedOnToolsVersion = 14.1;
						TestTargetID = F74956D029C76FAD009B8CA7;
					};
				};
			};
			buildConfigurationList = F74956CC29C76FAD009B8CA7 /* Build configuration list for PBXProject "Hungry!" */;
			compatibilityVersion = "Xcode 14.0";
			developmentRegion = en;
			hasScannedForEncodings = 0;
			knownRegions = (
				en,
				Base,
			);
			mainGroup = F74956C829C76FAD009B8CA7;
			productRefGroup = F74956D229C76FAD009B8CA7 /* Products */;
			projectDirPath = "";
			projectRoot = "";
			targets = (
				F74956D029C76FAD009B8CA7 /* Hungry! */,
				F74956E629C76FAF009B8CA7 /* Hungry!Tests */,
				F74956F029C76FAF009B8CA7 /* Hungry!UITests */,
			);
		};
/* End PBXProject section */

/* Begin PBXResourcesBuildPhase section */
		F74956CF29C76FAD009B8CA7 /* Resources */ = {
			isa = PBXResourcesBuildPhase;
			buildActionMask = 2147483647;
			files = (
				F74956E129C76FAE009B8CA7 /* LaunchScreen.storyboard in Resources */,
				F74956DE29C76FAE009B8CA7 /* Assets.xcassets in Resources */,
				F749571629C78347009B8CA7 /* OnBoardingCollectionViewCell.xib in Resources */,
				F74956DC29C76FAD009B8CA7 /* Main.storyboard in Resources */,
			);
			runOnlyForDeploymentPostprocessing = 0;
		};
		F74956E529C76FAF009B8CA7 /* Resources */ = {
			isa = PBXResourcesBuildPhase;
			buildActionMask = 2147483647;
			files = (
				F749571729C78347009B8CA7 /* OnBoardingCollectionViewCell.xib in Resources */,
			);
			runOnlyForDeploymentPostprocessing = 0;
		};
		F74956EF29C76FAF009B8CA7 /* Resources */ = {
			isa = PBXResourcesBuildPhase;
			buildActionMask = 2147483647;
			files = (
			);
			runOnlyForDeploymentPostprocessing = 0;
		};
/* End PBXResourcesBuildPhase section */

/* Begin PBXSourcesBuildPhase section */
		F74956CD29C76FAD009B8CA7 /* Sources */ = {
			isa = PBXSourcesBuildPhase;
			buildActionMask = 2147483647;
			files = (
				F749571429C78347009B8CA7 /* OnBoardingCollectionViewCell.swift in Sources */,
				F74956D529C76FAD009B8CA7 /* AppDelegate.swift in Sources */,
				F74956D729C76FAD009B8CA7 /* SceneDelegate.swift in Sources */,
				F77419E329C7DC3500EB983B /* HomeViewController.swift in Sources */,
				F749570A29C77EE8009B8CA7 /* UIView+extension.swift in Sources */,
				F749571029C78131009B8CA7 /* OnBoardingViewModel.swift in Sources */,
				F749570629C777C4009B8CA7 /* OnBoardingViewController.swift in Sources */,
				F749570D29C78051009B8CA7 /* OnBoardingSlide.swift in Sources */,
			);
			runOnlyForDeploymentPostprocessing = 0;
		};
		F74956E329C76FAF009B8CA7 /* Sources */ = {
			isa = PBXSourcesBuildPhase;
			buildActionMask = 2147483647;
			files = (
				F749570E29C78051009B8CA7 /* OnBoardingSlide.swift in Sources */,
				F749570B29C77EE8009B8CA7 /* UIView+extension.swift in Sources */,
				F749571129C78131009B8CA7 /* OnBoardingViewModel.swift in Sources */,
				F749571529C78347009B8CA7 /* OnBoardingCollectionViewCell.swift in Sources */,
				F74956EC29C76FAF009B8CA7 /* Hungry_Tests.swift in Sources */,
				F77419E429C7DC3500EB983B /* HomeViewController.swift in Sources */,
				F749570729C777C4009B8CA7 /* OnBoardingViewController.swift in Sources */,
			);
			runOnlyForDeploymentPostprocessing = 0;
		};
		F74956ED29C76FAF009B8CA7 /* Sources */ = {
			isa = PBXSourcesBuildPhase;
			buildActionMask = 2147483647;
			files = (
				F74956F629C76FAF009B8CA7 /* Hungry_UITests.swift in Sources */,
				F74956F829C76FAF009B8CA7 /* Hungry_UITestsLaunchTests.swift in Sources */,
			);
			runOnlyForDeploymentPostprocessing = 0;
		};
/* End PBXSourcesBuildPhase section */

/* Begin PBXTargetDependency section */
		F74956E929C76FAF009B8CA7 /* PBXTargetDependency */ = {
			isa = PBXTargetDependency;
			target = F74956D029C76FAD009B8CA7 /* Hungry! */;
			targetProxy = F74956E829C76FAF009B8CA7 /* PBXContainerItemProxy */;
		};
		F74956F329C76FAF009B8CA7 /* PBXTargetDependency */ = {
			isa = PBXTargetDependency;
			target = F74956D029C76FAD009B8CA7 /* Hungry! */;
			targetProxy = F74956F229C76FAF009B8CA7 /* PBXContainerItemProxy */;
		};
/* End PBXTargetDependency section */

/* Begin PBXVariantGroup section */
		F74956DA29C76FAD009B8CA7 /* Main.storyboard */ = {
			isa = PBXVariantGroup;
			children = (
				F74956DB29C76FAD009B8CA7 /* Base */,
			);
			name = Main.storyboard;
			sourceTree = "<group>";
		};
		F74956DF29C76FAE009B8CA7 /* LaunchScreen.storyboard */ = {
			isa = PBXVariantGroup;
			children = (
				F74956E029C76FAE009B8CA7 /* Base */,
			);
			name = LaunchScreen.storyboard;
			sourceTree = "<group>";
		};
/* End PBXVariantGroup section */

/* Begin XCBuildConfiguration section */
		F74956F929C76FAF009B8CA7 /* Debug */ = {
			isa = XCBuildConfiguration;
			buildSettings = {
				ALWAYS_SEARCH_USER_PATHS = NO;
				CLANG_ANALYZER_NONNULL = YES;
				CLANG_ANALYZER_NUMBER_OBJECT_CONVERSION = YES_AGGRESSIVE;
				CLANG_CXX_LANGUAGE_STANDARD = "gnu++20";
				CLANG_ENABLE_MODULES = YES;
				CLANG_ENABLE_OBJC_ARC = YES;
				CLANG_ENABLE_OBJC_WEAK = YES;
				CLANG_WARN_BLOCK_CAPTURE_AUTORELEASING = YES;
				CLANG_WARN_BOOL_CONVERSION = YES;
				CLANG_WARN_COMMA = YES;
				CLANG_WARN_CONSTANT_CONVERSION = YES;
				CLANG_WARN_DEPRECATED_OBJC_IMPLEMENTATIONS = YES;
				CLANG_WARN_DIRECT_OBJC_ISA_USAGE = YES_ERROR;
				CLANG_WARN_DOCUMENTATION_COMMENTS = YES;
				CLANG_WARN_EMPTY_BODY = YES;
				CLANG_WARN_ENUM_CONVERSION = YES;
				CLANG_WARN_INFINITE_RECURSION = YES;
				CLANG_WARN_INT_CONVERSION = YES;
				CLANG_WARN_NON_LITERAL_NULL_CONVERSION = YES;
				CLANG_WARN_OBJC_IMPLICIT_RETAIN_SELF = YES;
				CLANG_WARN_OBJC_LITERAL_CONVERSION = YES;
				CLANG_WARN_OBJC_ROOT_CLASS = YES_ERROR;
				CLANG_WARN_QUOTED_INCLUDE_IN_FRAMEWORK_HEADER = YES;
				CLANG_WARN_RANGE_LOOP_ANALYSIS = YES;
				CLANG_WARN_STRICT_PROTOTYPES = YES;
				CLANG_WARN_SUSPICIOUS_MOVE = YES;
				CLANG_WARN_UNGUARDED_AVAILABILITY = YES_AGGRESSIVE;
				CLANG_WARN_UNREACHABLE_CODE = YES;
				CLANG_WARN__DUPLICATE_METHOD_MATCH = YES;
				COPY_PHASE_STRIP = NO;
				DEBUG_INFORMATION_FORMAT = dwarf;
				ENABLE_STRICT_OBJC_MSGSEND = YES;
				ENABLE_TESTABILITY = YES;
				GCC_C_LANGUAGE_STANDARD = gnu11;
				GCC_DYNAMIC_NO_PIC = NO;
				GCC_NO_COMMON_BLOCKS = YES;
				GCC_OPTIMIZATION_LEVEL = 0;
				GCC_PREPROCESSOR_DEFINITIONS = (
					"DEBUG=1",
					"$(inherited)",
				);
				GCC_WARN_64_TO_32_BIT_CONVERSION = YES;
				GCC_WARN_ABOUT_RETURN_TYPE = YES_ERROR;
				GCC_WARN_UNDECLARED_SELECTOR = YES;
				GCC_WARN_UNINITIALIZED_AUTOS = YES_AGGRESSIVE;
				GCC_WARN_UNUSED_FUNCTION = YES;
				GCC_WARN_UNUSED_VARIABLE = YES;
				IPHONEOS_DEPLOYMENT_TARGET = 16.1;
				MTL_ENABLE_DEBUG_INFO = INCLUDE_SOURCE;
				MTL_FAST_MATH = YES;
				ONLY_ACTIVE_ARCH = YES;
				SDKROOT = iphoneos;
				SWIFT_ACTIVE_COMPILATION_CONDITIONS = DEBUG;
				SWIFT_OPTIMIZATION_LEVEL = "-Onone";
			};
			name = Debug;
		};
		F74956FA29C76FAF009B8CA7 /* Release */ = {
			isa = XCBuildConfiguration;
			buildSettings = {
				ALWAYS_SEARCH_USER_PATHS = NO;
				CLANG_ANALYZER_NONNULL = YES;
				CLANG_ANALYZER_NUMBER_OBJECT_CONVERSION = YES_AGGRESSIVE;
				CLANG_CXX_LANGUAGE_STANDARD = "gnu++20";
				CLANG_ENABLE_MODULES = YES;
				CLANG_ENABLE_OBJC_ARC = YES;
				CLANG_ENABLE_OBJC_WEAK = YES;
				CLANG_WARN_BLOCK_CAPTURE_AUTORELEASING = YES;
				CLANG_WARN_BOOL_CONVERSION = YES;
				CLANG_WARN_COMMA = YES;
				CLANG_WARN_CONSTANT_CONVERSION = YES;
				CLANG_WARN_DEPRECATED_OBJC_IMPLEMENTATIONS = YES;
				CLANG_WARN_DIRECT_OBJC_ISA_USAGE = YES_ERROR;
				CLANG_WARN_DOCUMENTATION_COMMENTS = YES;
				CLANG_WARN_EMPTY_BODY = YES;
				CLANG_WARN_ENUM_CONVERSION = YES;
				CLANG_WARN_INFINITE_RECURSION = YES;
				CLANG_WARN_INT_CONVERSION = YES;
				CLANG_WARN_NON_LITERAL_NULL_CONVERSION = YES;
				CLANG_WARN_OBJC_IMPLICIT_RETAIN_SELF = YES;
				CLANG_WARN_OBJC_LITERAL_CONVERSION = YES;
				CLANG_WARN_OBJC_ROOT_CLASS = YES_ERROR;
				CLANG_WARN_QUOTED_INCLUDE_IN_FRAMEWORK_HEADER = YES;
				CLANG_WARN_RANGE_LOOP_ANALYSIS = YES;
				CLANG_WARN_STRICT_PROTOTYPES = YES;
				CLANG_WARN_SUSPICIOUS_MOVE = YES;
				CLANG_WARN_UNGUARDED_AVAILABILITY = YES_AGGRESSIVE;
				CLANG_WARN_UNREACHABLE_CODE = YES;
				CLANG_WARN__DUPLICATE_METHOD_MATCH = YES;
				COPY_PHASE_STRIP = NO;
				DEBUG_INFORMATION_FORMAT = "dwarf-with-dsym";
				ENABLE_NS_ASSERTIONS = NO;
				ENABLE_STRICT_OBJC_MSGSEND = YES;
				GCC_C_LANGUAGE_STANDARD = gnu11;
				GCC_NO_COMMON_BLOCKS = YES;
				GCC_WARN_64_TO_32_BIT_CONVERSION = YES;
				GCC_WARN_ABOUT_RETURN_TYPE = YES_ERROR;
				GCC_WARN_UNDECLARED_SELECTOR = YES;
				GCC_WARN_UNINITIALIZED_AUTOS = YES_AGGRESSIVE;
				GCC_WARN_UNUSED_FUNCTION = YES;
				GCC_WARN_UNUSED_VARIABLE = YES;
				IPHONEOS_DEPLOYMENT_TARGET = 16.1;
				MTL_ENABLE_DEBUG_INFO = NO;
				MTL_FAST_MATH = YES;
				SDKROOT = iphoneos;
				SWIFT_COMPILATION_MODE = wholemodule;
				SWIFT_OPTIMIZATION_LEVEL = "-O";
				VALIDATE_PRODUCT = YES;
			};
			name = Release;
		};
		F74956FC29C76FAF009B8CA7 /* Debug */ = {
			isa = XCBuildConfiguration;
			buildSettings = {
				ASSETCATALOG_COMPILER_APPICON_NAME = AppIcon;
				ASSETCATALOG_COMPILER_GLOBAL_ACCENT_COLOR_NAME = AccentColor;
				CODE_SIGN_STYLE = Automatic;
				CURRENT_PROJECT_VERSION = 1;
				DEVELOPMENT_TEAM = TP8LF837KP;
				GENERATE_INFOPLIST_FILE = YES;
				INFOPLIST_FILE = "Hungry!/Info.plist";
				INFOPLIST_KEY_UIApplicationSupportsIndirectInputEvents = YES;
				INFOPLIST_KEY_UILaunchStoryboardName = LaunchScreen;
				INFOPLIST_KEY_UIMainStoryboardFile = Main;
				INFOPLIST_KEY_UISupportedInterfaceOrientations_iPad = "UIInterfaceOrientationPortrait UIInterfaceOrientationPortraitUpsideDown UIInterfaceOrientationLandscapeLeft UIInterfaceOrientationLandscapeRight";
				INFOPLIST_KEY_UISupportedInterfaceOrientations_iPhone = "UIInterfaceOrientationPortrait UIInterfaceOrientationLandscapeLeft UIInterfaceOrientationLandscapeRight";
				LD_RUNPATH_SEARCH_PATHS = (
					"$(inherited)",
					"@executable_path/Frameworks",
				);
				MARKETING_VERSION = 1.0;
				PRODUCT_BUNDLE_IDENTIFIER = "com.future.Hungry-";
				PRODUCT_NAME = "$(TARGET_NAME)";
				SWIFT_EMIT_LOC_STRINGS = YES;
				SWIFT_VERSION = 5.0;
				TARGETED_DEVICE_FAMILY = "1,2";
			};
			name = Debug;
		};
		F74956FD29C76FAF009B8CA7 /* Release */ = {
			isa = XCBuildConfiguration;
			buildSettings = {
				ASSETCATALOG_COMPILER_APPICON_NAME = AppIcon;
				ASSETCATALOG_COMPILER_GLOBAL_ACCENT_COLOR_NAME = AccentColor;
				CODE_SIGN_STYLE = Automatic;
				CURRENT_PROJECT_VERSION = 1;
				DEVELOPMENT_TEAM = TP8LF837KP;
				GENERATE_INFOPLIST_FILE = YES;
				INFOPLIST_FILE = "Hungry!/Info.plist";
				INFOPLIST_KEY_UIApplicationSupportsIndirectInputEvents = YES;
				INFOPLIST_KEY_UILaunchStoryboardName = LaunchScreen;
				INFOPLIST_KEY_UIMainStoryboardFile = Main;
				INFOPLIST_KEY_UISupportedInterfaceOrientations_iPad = "UIInterfaceOrientationPortrait UIInterfaceOrientationPortraitUpsideDown UIInterfaceOrientationLandscapeLeft UIInterfaceOrientationLandscapeRight";
				INFOPLIST_KEY_UISupportedInterfaceOrientations_iPhone = "UIInterfaceOrientationPortrait UIInterfaceOrientationLandscapeLeft UIInterfaceOrientationLandscapeRight";
				LD_RUNPATH_SEARCH_PATHS = (
					"$(inherited)",
					"@executable_path/Frameworks",
				);
				MARKETING_VERSION = 1.0;
				PRODUCT_BUNDLE_IDENTIFIER = "com.future.Hungry-";
				PRODUCT_NAME = "$(TARGET_NAME)";
				SWIFT_EMIT_LOC_STRINGS = YES;
				SWIFT_VERSION = 5.0;
				TARGETED_DEVICE_FAMILY = "1,2";
			};
			name = Release;
		};
		F74956FF29C76FAF009B8CA7 /* Debug */ = {
			isa = XCBuildConfiguration;
			buildSettings = {
				ALWAYS_EMBED_SWIFT_STANDARD_LIBRARIES = YES;
				BUNDLE_LOADER = "$(TEST_HOST)";
				CODE_SIGN_STYLE = Automatic;
				CURRENT_PROJECT_VERSION = 1;
				DEVELOPMENT_TEAM = TP8LF837KP;
				GENERATE_INFOPLIST_FILE = YES;
				IPHONEOS_DEPLOYMENT_TARGET = 16.1;
				MARKETING_VERSION = 1.0;
				PRODUCT_BUNDLE_IDENTIFIER = "com.future.Hungry-Tests";
				PRODUCT_NAME = "$(TARGET_NAME)";
				SWIFT_EMIT_LOC_STRINGS = NO;
				SWIFT_VERSION = 5.0;
				TARGETED_DEVICE_FAMILY = "1,2";
				TEST_HOST = "$(BUILT_PRODUCTS_DIR)/Hungry!.app/$(BUNDLE_EXECUTABLE_FOLDER_PATH)/Hungry!";
			};
			name = Debug;
		};
		F749570029C76FAF009B8CA7 /* Release */ = {
			isa = XCBuildConfiguration;
			buildSettings = {
				ALWAYS_EMBED_SWIFT_STANDARD_LIBRARIES = YES;
				BUNDLE_LOADER = "$(TEST_HOST)";
				CODE_SIGN_STYLE = Automatic;
				CURRENT_PROJECT_VERSION = 1;
				DEVELOPMENT_TEAM = TP8LF837KP;
				GENERATE_INFOPLIST_FILE = YES;
				IPHONEOS_DEPLOYMENT_TARGET = 16.1;
				MARKETING_VERSION = 1.0;
				PRODUCT_BUNDLE_IDENTIFIER = "com.future.Hungry-Tests";
				PRODUCT_NAME = "$(TARGET_NAME)";
				SWIFT_EMIT_LOC_STRINGS = NO;
				SWIFT_VERSION = 5.0;
				TARGETED_DEVICE_FAMILY = "1,2";
				TEST_HOST = "$(BUILT_PRODUCTS_DIR)/Hungry!.app/$(BUNDLE_EXECUTABLE_FOLDER_PATH)/Hungry!";
			};
			name = Release;
		};
		F749570229C76FAF009B8CA7 /* Debug */ = {
			isa = XCBuildConfiguration;
			buildSettings = {
				ALWAYS_EMBED_SWIFT_STANDARD_LIBRARIES = YES;
				CODE_SIGN_STYLE = Automatic;
				CURRENT_PROJECT_VERSION = 1;
				DEVELOPMENT_TEAM = TP8LF837KP;
				GENERATE_INFOPLIST_FILE = YES;
				MARKETING_VERSION = 1.0;
				PRODUCT_BUNDLE_IDENTIFIER = "com.future.Hungry-UITests";
				PRODUCT_NAME = "$(TARGET_NAME)";
				SWIFT_EMIT_LOC_STRINGS = NO;
				SWIFT_VERSION = 5.0;
				TARGETED_DEVICE_FAMILY = "1,2";
				TEST_TARGET_NAME = "Hungry!";
			};
			name = Debug;
		};
		F749570329C76FAF009B8CA7 /* Release */ = {
			isa = XCBuildConfiguration;
			buildSettings = {
				ALWAYS_EMBED_SWIFT_STANDARD_LIBRARIES = YES;
				CODE_SIGN_STYLE = Automatic;
				CURRENT_PROJECT_VERSION = 1;
				DEVELOPMENT_TEAM = TP8LF837KP;
				GENERATE_INFOPLIST_FILE = YES;
				MARKETING_VERSION = 1.0;
				PRODUCT_BUNDLE_IDENTIFIER = "com.future.Hungry-UITests";
				PRODUCT_NAME = "$(TARGET_NAME)";
				SWIFT_EMIT_LOC_STRINGS = NO;
				SWIFT_VERSION = 5.0;
				TARGETED_DEVICE_FAMILY = "1,2";
				TEST_TARGET_NAME = "Hungry!";
			};
			name = Release;
		};
/* End XCBuildConfiguration section */

/* Begin XCConfigurationList section */
		F74956CC29C76FAD009B8CA7 /* Build configuration list for PBXProject "Hungry!" */ = {
			isa = XCConfigurationList;
			buildConfigurations = (
				F74956F929C76FAF009B8CA7 /* Debug */,
				F74956FA29C76FAF009B8CA7 /* Release */,
			);
			defaultConfigurationIsVisible = 0;
			defaultConfigurationName = Release;
		};
		F74956FB29C76FAF009B8CA7 /* Build configuration list for PBXNativeTarget "Hungry!" */ = {
			isa = XCConfigurationList;
			buildConfigurations = (
				F74956FC29C76FAF009B8CA7 /* Debug */,
				F74956FD29C76FAF009B8CA7 /* Release */,
			);
			defaultConfigurationIsVisible = 0;
			defaultConfigurationName = Release;
		};
		F74956FE29C76FAF009B8CA7 /* Build configuration list for PBXNativeTarget "Hungry!Tests" */ = {
			isa = XCConfigurationList;
			buildConfigurations = (
				F74956FF29C76FAF009B8CA7 /* Debug */,
				F749570029C76FAF009B8CA7 /* Release */,
			);
			defaultConfigurationIsVisible = 0;
			defaultConfigurationName = Release;
		};
		F749570129C76FAF009B8CA7 /* Build configuration list for PBXNativeTarget "Hungry!UITests" */ = {
			isa = XCConfigurationList;
			buildConfigurations = (
				F749570229C76FAF009B8CA7 /* Debug */,
				F749570329C76FAF009B8CA7 /* Release */,
			);
			defaultConfigurationIsVisible = 0;
			defaultConfigurationName = Release;
		};
/* End XCConfigurationList section */
	};
	rootObject = F74956C929C76FAD009B8CA7 /* Project object */;
}
