// !$*UTF8*$!
{
	archiveVersion = 1;
	classes = {
	};
	objectVersion = 56;
	objects = {

/* Begin PBXBuildFile section */
		915D0656074158025B5FCD00 /* Pods_Hungry_Tests.framework in Frameworks */ = {isa = PBXBuildFile; fileRef = 662F66DEE2FA62D9786130AD /* Pods_Hungry_Tests.framework */; };
		B74A4315D768386D355EE905 /* Pods_Hungry__Hungry_UITests.framework in Frameworks */ = {isa = PBXBuildFile; fileRef = E610D5A44814026FA74DD4F0 /* Pods_Hungry__Hungry_UITests.framework */; };
		E044E92C73A7FCB5E5102EB7 /* Pods_Hungry_.framework in Frameworks */ = {isa = PBXBuildFile; fileRef = 68AC5B4330C0BD6B96DF2466 /* Pods_Hungry_.framework */; };
		F716C7DE29CA7D3C0063C501 /* OrdersViewController.swift in Sources */ = {isa = PBXBuildFile; fileRef = F716C7DD29CA7D3C0063C501 /* OrdersViewController.swift */; };
		F716C7DF29CA7D3C0063C501 /* OrdersViewController.swift in Sources */ = {isa = PBXBuildFile; fileRef = F716C7DD29CA7D3C0063C501 /* OrdersViewController.swift */; };
		F716C7E129CA7E670063C501 /* UITableView+Extension.swift in Sources */ = {isa = PBXBuildFile; fileRef = F716C7E029CA7E670063C501 /* UITableView+Extension.swift */; };
		F716C7E229CA7E670063C501 /* UITableView+Extension.swift in Sources */ = {isa = PBXBuildFile; fileRef = F716C7E029CA7E670063C501 /* UITableView+Extension.swift */; };
		F716C7EB29CA804A0063C501 /* Order.swift in Sources */ = {isa = PBXBuildFile; fileRef = F716C7EA29CA804A0063C501 /* Order.swift */; };
		F716C7EC29CA804A0063C501 /* Order.swift in Sources */ = {isa = PBXBuildFile; fileRef = F716C7EA29CA804A0063C501 /* Order.swift */; };
		F716C7EF29CA80B40063C501 /* OrdersViewModel.swift in Sources */ = {isa = PBXBuildFile; fileRef = F716C7EE29CA80B40063C501 /* OrdersViewModel.swift */; };
		F716C7F029CA80B40063C501 /* OrdersViewModel.swift in Sources */ = {isa = PBXBuildFile; fileRef = F716C7EE29CA80B40063C501 /* OrdersViewModel.swift */; };
		F716C7F329CAACBB0063C501 /* NetworkManager.swift in Sources */ = {isa = PBXBuildFile; fileRef = F716C7F229CAACBB0063C501 /* NetworkManager.swift */; };
		F716C7F429CAACBB0063C501 /* NetworkManager.swift in Sources */ = {isa = PBXBuildFile; fileRef = F716C7F229CAACBB0063C501 /* NetworkManager.swift */; };
		F716C7F629CAAF280063C501 /* EndPoint.swift in Sources */ = {isa = PBXBuildFile; fileRef = F716C7F529CAAF280063C501 /* EndPoint.swift */; };
		F716C7F729CAAF280063C501 /* EndPoint.swift in Sources */ = {isa = PBXBuildFile; fileRef = F716C7F529CAAF280063C501 /* EndPoint.swift */; };
		F716C7F929CAAFF80063C501 /* Methods.swift in Sources */ = {isa = PBXBuildFile; fileRef = F716C7F829CAAFF80063C501 /* Methods.swift */; };
		F716C7FA29CAAFF80063C501 /* Methods.swift in Sources */ = {isa = PBXBuildFile; fileRef = F716C7F829CAAFF80063C501 /* Methods.swift */; };
		F716C7FC29CAB8540063C501 /* APIError.swift in Sources */ = {isa = PBXBuildFile; fileRef = F716C7FB29CAB8540063C501 /* APIError.swift */; };
		F716C7FD29CAB8540063C501 /* APIError.swift in Sources */ = {isa = PBXBuildFile; fileRef = F716C7FB29CAB8540063C501 /* APIError.swift */; };
		F74956D529C76FAD009B8CA7 /* AppDelegate.swift in Sources */ = {isa = PBXBuildFile; fileRef = F74956D429C76FAD009B8CA7 /* AppDelegate.swift */; };
		F74956D729C76FAD009B8CA7 /* SceneDelegate.swift in Sources */ = {isa = PBXBuildFile; fileRef = F74956D629C76FAD009B8CA7 /* SceneDelegate.swift */; };
		F74956DC29C76FAD009B8CA7 /* Main.storyboard in Resources */ = {isa = PBXBuildFile; fileRef = F74956DA29C76FAD009B8CA7 /* Main.storyboard */; };
		F74956DE29C76FAE009B8CA7 /* Assets.xcassets in Resources */ = {isa = PBXBuildFile; fileRef = F74956DD29C76FAE009B8CA7 /* Assets.xcassets */; };
		F74956E129C76FAE009B8CA7 /* LaunchScreen.storyboard in Resources */ = {isa = PBXBuildFile; fileRef = F74956DF29C76FAE009B8CA7 /* LaunchScreen.storyboard */; };
		F74956EC29C76FAF009B8CA7 /* Hungry_Tests.swift in Sources */ = {isa = PBXBuildFile; fileRef = F74956EB29C76FAF009B8CA7 /* Hungry_Tests.swift */; };
		F74956F629C76FAF009B8CA7 /* Hungry_UITests.swift in Sources */ = {isa = PBXBuildFile; fileRef = F74956F529C76FAF009B8CA7 /* Hungry_UITests.swift */; };
		F74956F829C76FAF009B8CA7 /* Hungry_UITestsLaunchTests.swift in Sources */ = {isa = PBXBuildFile; fileRef = F74956F729C76FAF009B8CA7 /* Hungry_UITestsLaunchTests.swift */; };
		F749570629C777C4009B8CA7 /* OnBoardingViewController.swift in Sources */ = {isa = PBXBuildFile; fileRef = F749570529C777C4009B8CA7 /* OnBoardingViewController.swift */; };
		F749570729C777C4009B8CA7 /* OnBoardingViewController.swift in Sources */ = {isa = PBXBuildFile; fileRef = F749570529C777C4009B8CA7 /* OnBoardingViewController.swift */; };
		F749570A29C77EE8009B8CA7 /* UIView+extension.swift in Sources */ = {isa = PBXBuildFile; fileRef = F749570929C77EE8009B8CA7 /* UIView+extension.swift */; };
		F749570B29C77EE8009B8CA7 /* UIView+extension.swift in Sources */ = {isa = PBXBuildFile; fileRef = F749570929C77EE8009B8CA7 /* UIView+extension.swift */; };
		F749570D29C78051009B8CA7 /* OnBoardingSlide.swift in Sources */ = {isa = PBXBuildFile; fileRef = F749570C29C78051009B8CA7 /* OnBoardingSlide.swift */; };
		F749570E29C78051009B8CA7 /* OnBoardingSlide.swift in Sources */ = {isa = PBXBuildFile; fileRef = F749570C29C78051009B8CA7 /* OnBoardingSlide.swift */; };
		F749571029C78131009B8CA7 /* OnBoardingViewModel.swift in Sources */ = {isa = PBXBuildFile; fileRef = F749570F29C78131009B8CA7 /* OnBoardingViewModel.swift */; };
		F749571129C78131009B8CA7 /* OnBoardingViewModel.swift in Sources */ = {isa = PBXBuildFile; fileRef = F749570F29C78131009B8CA7 /* OnBoardingViewModel.swift */; };
		F749571429C78347009B8CA7 /* OnBoardingCollectionViewCell.swift in Sources */ = {isa = PBXBuildFile; fileRef = F749571229C78347009B8CA7 /* OnBoardingCollectionViewCell.swift */; };
		F749571529C78347009B8CA7 /* OnBoardingCollectionViewCell.swift in Sources */ = {isa = PBXBuildFile; fileRef = F749571229C78347009B8CA7 /* OnBoardingCollectionViewCell.swift */; };
		F749571629C78347009B8CA7 /* OnBoardingCollectionViewCell.xib in Resources */ = {isa = PBXBuildFile; fileRef = F749571329C78347009B8CA7 /* OnBoardingCollectionViewCell.xib */; };
		F749571729C78347009B8CA7 /* OnBoardingCollectionViewCell.xib in Resources */ = {isa = PBXBuildFile; fileRef = F749571329C78347009B8CA7 /* OnBoardingCollectionViewCell.xib */; };
		F74A0BB829CD6359007EFD14 /* ApiResponse.swift in Sources */ = {isa = PBXBuildFile; fileRef = F74A0BB729CD6359007EFD14 /* ApiResponse.swift */; };
		F74A0BBA29CD6E49007EFD14 /* Category.swift in Sources */ = {isa = PBXBuildFile; fileRef = F74A0BB929CD6E49007EFD14 /* Category.swift */; };
		F75606C629DBF29000988BB6 /* AuthViewController.swift in Sources */ = {isa = PBXBuildFile; fileRef = F75606C529DBF29000988BB6 /* AuthViewController.swift */; };
		F75606C729DBF29000988BB6 /* AuthViewController.swift in Sources */ = {isa = PBXBuildFile; fileRef = F75606C529DBF29000988BB6 /* AuthViewController.swift */; };
		F75606CA29DBF4E200988BB6 /* AuthCollectionViewCell.swift in Sources */ = {isa = PBXBuildFile; fileRef = F75606C829DBF4E200988BB6 /* AuthCollectionViewCell.swift */; };
		F75606CB29DBF4E200988BB6 /* AuthCollectionViewCell.swift in Sources */ = {isa = PBXBuildFile; fileRef = F75606C829DBF4E200988BB6 /* AuthCollectionViewCell.swift */; };
		F75606CC29DBF4E200988BB6 /* AuthCollectionViewCell.xib in Resources */ = {isa = PBXBuildFile; fileRef = F75606C929DBF4E200988BB6 /* AuthCollectionViewCell.xib */; };
		F75606CD29DBF4E200988BB6 /* AuthCollectionViewCell.xib in Resources */ = {isa = PBXBuildFile; fileRef = F75606C929DBF4E200988BB6 /* AuthCollectionViewCell.xib */; };
		F75606CF29DC0FB200988BB6 /* GoogleService-Info.plist in Resources */ = {isa = PBXBuildFile; fileRef = F75606CE29DC0FB200988BB6 /* GoogleService-Info.plist */; };
		F75606D029DC0FB200988BB6 /* GoogleService-Info.plist in Resources */ = {isa = PBXBuildFile; fileRef = F75606CE29DC0FB200988BB6 /* GoogleService-Info.plist */; };
		F75606D229DC130200988BB6 /* AuthViewModel.swift in Sources */ = {isa = PBXBuildFile; fileRef = F75606D129DC130200988BB6 /* AuthViewModel.swift */; };
		F75606D329DC130200988BB6 /* AuthViewModel.swift in Sources */ = {isa = PBXBuildFile; fileRef = F75606D129DC130200988BB6 /* AuthViewModel.swift */; };
		F75606D529DC16B500988BB6 /* UserManager.swift in Sources */ = {isa = PBXBuildFile; fileRef = F75606D429DC16B500988BB6 /* UserManager.swift */; };
		F75606D629DC16B500988BB6 /* UserManager.swift in Sources */ = {isa = PBXBuildFile; fileRef = F75606D429DC16B500988BB6 /* UserManager.swift */; };
		F773889929D6A37F00FE01AB /* AllDishes.swift in Sources */ = {isa = PBXBuildFile; fileRef = F773889829D6A37F00FE01AB /* AllDishes.swift */; };
		F77419E329C7DC3500EB983B /* HomeViewController.swift in Sources */ = {isa = PBXBuildFile; fileRef = F77419E129C7DC3500EB983B /* HomeViewController.swift */; };
		F77419E429C7DC3500EB983B /* HomeViewController.swift in Sources */ = {isa = PBXBuildFile; fileRef = F77419E129C7DC3500EB983B /* HomeViewController.swift */; };
		F7AEA39629DD48EF00D1FCDA /* AlertMsg.swift in Sources */ = {isa = PBXBuildFile; fileRef = F7AEA39529DD48EF00D1FCDA /* AlertMsg.swift */; };
		F7C184C229C8D55A0060617D /* HomeViewModel.swift in Sources */ = {isa = PBXBuildFile; fileRef = F7C184C129C8D55A0060617D /* HomeViewModel.swift */; };
		F7C184C429C8D9B40060617D /* UICollectionView+extension.swift in Sources */ = {isa = PBXBuildFile; fileRef = F7C184C329C8D9B40060617D /* UICollectionView+extension.swift */; };
		F7C184C729C8DE9D0060617D /* PopularCollectionViewCell.swift in Sources */ = {isa = PBXBuildFile; fileRef = F7C184C529C8DE9D0060617D /* PopularCollectionViewCell.swift */; };
		F7C184C829C8DE9D0060617D /* PopularCollectionViewCell.xib in Resources */ = {isa = PBXBuildFile; fileRef = F7C184C629C8DE9D0060617D /* PopularCollectionViewCell.xib */; };
		F7C184CA29C8E4F20060617D /* Dish.swift in Sources */ = {isa = PBXBuildFile; fileRef = F7C184C929C8E4F20060617D /* Dish.swift */; };
		F7C184CD29C909E60060617D /* ChefCollectionViewCell.swift in Sources */ = {isa = PBXBuildFile; fileRef = F7C184CB29C909E60060617D /* ChefCollectionViewCell.swift */; };
		F7C184CE29C909E60060617D /* ChefCollectionViewCell.xib in Resources */ = {isa = PBXBuildFile; fileRef = F7C184CC29C909E60060617D /* ChefCollectionViewCell.xib */; };
		F7C92C8329C8096500F4E424 /* CategoryCollectionViewCell.swift in Sources */ = {isa = PBXBuildFile; fileRef = F7C92C8129C8096500F4E424 /* CategoryCollectionViewCell.swift */; };
		F7C92C8429C8096500F4E424 /* CategoryCollectionViewCell.xib in Resources */ = {isa = PBXBuildFile; fileRef = F7C92C8229C8096500F4E424 /* CategoryCollectionViewCell.xib */; };
		F7C92C8529C8097500F4E424 /* CategoryCollectionViewCell.swift in Sources */ = {isa = PBXBuildFile; fileRef = F7C92C8129C8096500F4E424 /* CategoryCollectionViewCell.swift */; };
		F7C92C8829C80D7000F4E424 /* DishCategory.swift in Sources */ = {isa = PBXBuildFile; fileRef = F7C92C8729C80D7000F4E424 /* DishCategory.swift */; };
		F7C92C8A29C80E0500F4E424 /* String+extension.swift in Sources */ = {isa = PBXBuildFile; fileRef = F7C92C8929C80E0500F4E424 /* String+extension.swift */; };
		F7C92C8C29C817CC00F4E424 /* ShadowView.swift in Sources */ = {isa = PBXBuildFile; fileRef = F7C92C8B29C817CC00F4E424 /* ShadowView.swift */; };
		F7F2E26629C93179003B62A8 /* DetailsViewController.swift in Sources */ = {isa = PBXBuildFile; fileRef = F7F2E26529C93179003B62A8 /* DetailsViewController.swift */; };
		F7F2E26729C93179003B62A8 /* DetailsViewController.swift in Sources */ = {isa = PBXBuildFile; fileRef = F7F2E26529C93179003B62A8 /* DetailsViewController.swift */; };
		F7F2E26929C937C8003B62A8 /* UIViewController+Extension.swift in Sources */ = {isa = PBXBuildFile; fileRef = F7F2E26829C937C8003B62A8 /* UIViewController+Extension.swift */; };
		F7F2E26A29C937C8003B62A8 /* UIViewController+Extension.swift in Sources */ = {isa = PBXBuildFile; fileRef = F7F2E26829C937C8003B62A8 /* UIViewController+Extension.swift */; };
		F7F2E26D29C9402C003B62A8 /* DetailsViewModel.swift in Sources */ = {isa = PBXBuildFile; fileRef = F7F2E26C29C9402C003B62A8 /* DetailsViewModel.swift */; };
		F7F2E26E29C9402C003B62A8 /* DetailsViewModel.swift in Sources */ = {isa = PBXBuildFile; fileRef = F7F2E26C29C9402C003B62A8 /* DetailsViewModel.swift */; };
		F7F2E27229C963FA003B62A8 /* ListDishesViewController.swift in Sources */ = {isa = PBXBuildFile; fileRef = F7F2E27129C963FA003B62A8 /* ListDishesViewController.swift */; };
		F7F2E27329C963FA003B62A8 /* ListDishesViewController.swift in Sources */ = {isa = PBXBuildFile; fileRef = F7F2E27129C963FA003B62A8 /* ListDishesViewController.swift */; };
		F7F2E27629C9645B003B62A8 /* ListDishesTableViewCell.swift in Sources */ = {isa = PBXBuildFile; fileRef = F7F2E27429C9645B003B62A8 /* ListDishesTableViewCell.swift */; };
		F7F2E27729C9645B003B62A8 /* ListDishesTableViewCell.swift in Sources */ = {isa = PBXBuildFile; fileRef = F7F2E27429C9645B003B62A8 /* ListDishesTableViewCell.swift */; };
		F7F2E27829C9645B003B62A8 /* ListDishesTableViewCell.xib in Resources */ = {isa = PBXBuildFile; fileRef = F7F2E27529C9645B003B62A8 /* ListDishesTableViewCell.xib */; };
		F7F2E27929C9645B003B62A8 /* ListDishesTableViewCell.xib in Resources */ = {isa = PBXBuildFile; fileRef = F7F2E27529C9645B003B62A8 /* ListDishesTableViewCell.xib */; };
		F7F2E27C29C96899003B62A8 /* ListDishesViewModel.swift in Sources */ = {isa = PBXBuildFile; fileRef = F7F2E27B29C96899003B62A8 /* ListDishesViewModel.swift */; };
		F7F2E27D29C96899003B62A8 /* ListDishesViewModel.swift in Sources */ = {isa = PBXBuildFile; fileRef = F7F2E27B29C96899003B62A8 /* ListDishesViewModel.swift */; };
/* End PBXBuildFile section */

/* Begin PBXContainerItemProxy section */
		F74956E829C76FAF009B8CA7 /* PBXContainerItemProxy */ = {
			isa = PBXContainerItemProxy;
			containerPortal = F74956C929C76FAD009B8CA7 /* Project object */;
			proxyType = 1;
			remoteGlobalIDString = F74956D029C76FAD009B8CA7;
			remoteInfo = "Hungry!";
		};
		F74956F229C76FAF009B8CA7 /* PBXContainerItemProxy */ = {
			isa = PBXContainerItemProxy;
			containerPortal = F74956C929C76FAD009B8CA7 /* Project object */;
			proxyType = 1;
			remoteGlobalIDString = F74956D029C76FAD009B8CA7;
			remoteInfo = "Hungry!";
		};
/* End PBXContainerItemProxy section */

/* Begin PBXFileReference section */
		0527FCB08790E9FB3D11476A /* Pods-Hungry!-Hungry!UITests.debug.xcconfig */ = {isa = PBXFileReference; includeInIndex = 1; lastKnownFileType = text.xcconfig; name = "Pods-Hungry!-Hungry!UITests.debug.xcconfig"; path = "Target Support Files/Pods-Hungry!-Hungry!UITests/Pods-Hungry!-Hungry!UITests.debug.xcconfig"; sourceTree = "<group>"; };
		45634BE8BB38886E1C199451 /* Pods-Hungry!Tests.release.xcconfig */ = {isa = PBXFileReference; includeInIndex = 1; lastKnownFileType = text.xcconfig; name = "Pods-Hungry!Tests.release.xcconfig"; path = "Target Support Files/Pods-Hungry!Tests/Pods-Hungry!Tests.release.xcconfig"; sourceTree = "<group>"; };
		662F66DEE2FA62D9786130AD /* Pods_Hungry_Tests.framework */ = {isa = PBXFileReference; explicitFileType = wrapper.framework; includeInIndex = 0; path = Pods_Hungry_Tests.framework; sourceTree = BUILT_PRODUCTS_DIR; };
		68AC5B4330C0BD6B96DF2466 /* Pods_Hungry_.framework */ = {isa = PBXFileReference; explicitFileType = wrapper.framework; includeInIndex = 0; path = Pods_Hungry_.framework; sourceTree = BUILT_PRODUCTS_DIR; };
		74AF1CC0884A15602EE84CD1 /* Pods-Hungry!.release.xcconfig */ = {isa = PBXFileReference; includeInIndex = 1; lastKnownFileType = text.xcconfig; name = "Pods-Hungry!.release.xcconfig"; path = "Target Support Files/Pods-Hungry!/Pods-Hungry!.release.xcconfig"; sourceTree = "<group>"; };
		A7717E254FB5AA5D9B94708E /* Pods-Hungry!Tests.debug.xcconfig */ = {isa = PBXFileReference; includeInIndex = 1; lastKnownFileType = text.xcconfig; name = "Pods-Hungry!Tests.debug.xcconfig"; path = "Target Support Files/Pods-Hungry!Tests/Pods-Hungry!Tests.debug.xcconfig"; sourceTree = "<group>"; };
		AEE02F8701F45AB11480BEBB /* Pods-Hungry!-Hungry!UITests.release.xcconfig */ = {isa = PBXFileReference; includeInIndex = 1; lastKnownFileType = text.xcconfig; name = "Pods-Hungry!-Hungry!UITests.release.xcconfig"; path = "Target Support Files/Pods-Hungry!-Hungry!UITests/Pods-Hungry!-Hungry!UITests.release.xcconfig"; sourceTree = "<group>"; };
		E610D5A44814026FA74DD4F0 /* Pods_Hungry__Hungry_UITests.framework */ = {isa = PBXFileReference; explicitFileType = wrapper.framework; includeInIndex = 0; path = Pods_Hungry__Hungry_UITests.framework; sourceTree = BUILT_PRODUCTS_DIR; };
		E91AED09EB676FB3F82E467B /* Pods-Hungry!.debug.xcconfig */ = {isa = PBXFileReference; includeInIndex = 1; lastKnownFileType = text.xcconfig; name = "Pods-Hungry!.debug.xcconfig"; path = "Target Support Files/Pods-Hungry!/Pods-Hungry!.debug.xcconfig"; sourceTree = "<group>"; };
		F716C7DD29CA7D3C0063C501 /* OrdersViewController.swift */ = {isa = PBXFileReference; lastKnownFileType = sourcecode.swift; path = OrdersViewController.swift; sourceTree = "<group>"; };
		F716C7E029CA7E670063C501 /* UITableView+Extension.swift */ = {isa = PBXFileReference; lastKnownFileType = sourcecode.swift; path = "UITableView+Extension.swift"; sourceTree = "<group>"; };
		F716C7EA29CA804A0063C501 /* Order.swift */ = {isa = PBXFileReference; lastKnownFileType = sourcecode.swift; path = Order.swift; sourceTree = "<group>"; };
		F716C7EE29CA80B40063C501 /* OrdersViewModel.swift */ = {isa = PBXFileReference; lastKnownFileType = sourcecode.swift; path = OrdersViewModel.swift; sourceTree = "<group>"; };
		F716C7F229CAACBB0063C501 /* NetworkManager.swift */ = {isa = PBXFileReference; lastKnownFileType = sourcecode.swift; path = NetworkManager.swift; sourceTree = "<group>"; };
		F716C7F529CAAF280063C501 /* EndPoint.swift */ = {isa = PBXFileReference; lastKnownFileType = sourcecode.swift; path = EndPoint.swift; sourceTree = "<group>"; };
		F716C7F829CAAFF80063C501 /* Methods.swift */ = {isa = PBXFileReference; lastKnownFileType = sourcecode.swift; path = Methods.swift; sourceTree = "<group>"; };
		F716C7FB29CAB8540063C501 /* APIError.swift */ = {isa = PBXFileReference; lastKnownFileType = sourcecode.swift; path = APIError.swift; sourceTree = "<group>"; };
		F74956D129C76FAD009B8CA7 /* Hungry!.app */ = {isa = PBXFileReference; explicitFileType = wrapper.application; includeInIndex = 0; path = "Hungry!.app"; sourceTree = BUILT_PRODUCTS_DIR; };
		F74956D429C76FAD009B8CA7 /* AppDelegate.swift */ = {isa = PBXFileReference; lastKnownFileType = sourcecode.swift; path = AppDelegate.swift; sourceTree = "<group>"; };
		F74956D629C76FAD009B8CA7 /* SceneDelegate.swift */ = {isa = PBXFileReference; lastKnownFileType = sourcecode.swift; path = SceneDelegate.swift; sourceTree = "<group>"; };
		F74956DB29C76FAD009B8CA7 /* Base */ = {isa = PBXFileReference; lastKnownFileType = file.storyboard; name = Base; path = Base.lproj/Main.storyboard; sourceTree = "<group>"; };
		F74956DD29C76FAE009B8CA7 /* Assets.xcassets */ = {isa = PBXFileReference; lastKnownFileType = folder.assetcatalog; path = Assets.xcassets; sourceTree = "<group>"; };
		F74956E029C76FAE009B8CA7 /* Base */ = {isa = PBXFileReference; lastKnownFileType = file.storyboard; name = Base; path = Base.lproj/LaunchScreen.storyboard; sourceTree = "<group>"; };
		F74956E229C76FAE009B8CA7 /* Info.plist */ = {isa = PBXFileReference; lastKnownFileType = text.plist.xml; path = Info.plist; sourceTree = "<group>"; };
		F74956E729C76FAF009B8CA7 /* Hungry!Tests.xctest */ = {isa = PBXFileReference; explicitFileType = wrapper.cfbundle; includeInIndex = 0; path = "Hungry!Tests.xctest"; sourceTree = BUILT_PRODUCTS_DIR; };
		F74956EB29C76FAF009B8CA7 /* Hungry_Tests.swift */ = {isa = PBXFileReference; lastKnownFileType = sourcecode.swift; path = Hungry_Tests.swift; sourceTree = "<group>"; };
		F74956F129C76FAF009B8CA7 /* Hungry!UITests.xctest */ = {isa = PBXFileReference; explicitFileType = wrapper.cfbundle; includeInIndex = 0; path = "Hungry!UITests.xctest"; sourceTree = BUILT_PRODUCTS_DIR; };
		F74956F529C76FAF009B8CA7 /* Hungry_UITests.swift */ = {isa = PBXFileReference; lastKnownFileType = sourcecode.swift; path = Hungry_UITests.swift; sourceTree = "<group>"; };
		F74956F729C76FAF009B8CA7 /* Hungry_UITestsLaunchTests.swift */ = {isa = PBXFileReference; lastKnownFileType = sourcecode.swift; path = Hungry_UITestsLaunchTests.swift; sourceTree = "<group>"; };
		F749570529C777C4009B8CA7 /* OnBoardingViewController.swift */ = {isa = PBXFileReference; lastKnownFileType = sourcecode.swift; path = OnBoardingViewController.swift; sourceTree = "<group>"; };
		F749570929C77EE8009B8CA7 /* UIView+extension.swift */ = {isa = PBXFileReference; lastKnownFileType = sourcecode.swift; path = "UIView+extension.swift"; sourceTree = "<group>"; };
		F749570C29C78051009B8CA7 /* OnBoardingSlide.swift */ = {isa = PBXFileReference; lastKnownFileType = sourcecode.swift; path = OnBoardingSlide.swift; sourceTree = "<group>"; };
		F749570F29C78131009B8CA7 /* OnBoardingViewModel.swift */ = {isa = PBXFileReference; lastKnownFileType = sourcecode.swift; path = OnBoardingViewModel.swift; sourceTree = "<group>"; };
		F749571229C78347009B8CA7 /* OnBoardingCollectionViewCell.swift */ = {isa = PBXFileReference; lastKnownFileType = sourcecode.swift; path = OnBoardingCollectionViewCell.swift; sourceTree = "<group>"; };
		F749571329C78347009B8CA7 /* OnBoardingCollectionViewCell.xib */ = {isa = PBXFileReference; lastKnownFileType = file.xib; path = OnBoardingCollectionViewCell.xib; sourceTree = "<group>"; };
		F74A0BB729CD6359007EFD14 /* ApiResponse.swift */ = {isa = PBXFileReference; lastKnownFileType = sourcecode.swift; path = ApiResponse.swift; sourceTree = "<group>"; };
		F74A0BB929CD6E49007EFD14 /* Category.swift */ = {isa = PBXFileReference; lastKnownFileType = sourcecode.swift; path = Category.swift; sourceTree = "<group>"; };
		F75606C529DBF29000988BB6 /* AuthViewController.swift */ = {isa = PBXFileReference; lastKnownFileType = sourcecode.swift; path = AuthViewController.swift; sourceTree = "<group>"; };
		F75606C829DBF4E200988BB6 /* AuthCollectionViewCell.swift */ = {isa = PBXFileReference; lastKnownFileType = sourcecode.swift; path = AuthCollectionViewCell.swift; sourceTree = "<group>"; };
		F75606C929DBF4E200988BB6 /* AuthCollectionViewCell.xib */ = {isa = PBXFileReference; lastKnownFileType = file.xib; path = AuthCollectionViewCell.xib; sourceTree = "<group>"; };
		F75606CE29DC0FB200988BB6 /* GoogleService-Info.plist */ = {isa = PBXFileReference; fileEncoding = 4; lastKnownFileType = text.plist.xml; path = "GoogleService-Info.plist"; sourceTree = "<group>"; };
		F75606D129DC130200988BB6 /* AuthViewModel.swift */ = {isa = PBXFileReference; lastKnownFileType = sourcecode.swift; path = AuthViewModel.swift; sourceTree = "<group>"; };
		F75606D429DC16B500988BB6 /* UserManager.swift */ = {isa = PBXFileReference; lastKnownFileType = sourcecode.swift; path = UserManager.swift; sourceTree = "<group>"; };
		F773889829D6A37F00FE01AB /* AllDishes.swift */ = {isa = PBXFileReference; lastKnownFileType = sourcecode.swift; path = AllDishes.swift; sourceTree = "<group>"; };
		F77419E129C7DC3500EB983B /* HomeViewController.swift */ = {isa = PBXFileReference; lastKnownFileType = sourcecode.swift; path = HomeViewController.swift; sourceTree = "<group>"; };
		F7AEA39529DD48EF00D1FCDA /* AlertMsg.swift */ = {isa = PBXFileReference; lastKnownFileType = sourcecode.swift; path = AlertMsg.swift; sourceTree = "<group>"; };
		F7C184C129C8D55A0060617D /* HomeViewModel.swift */ = {isa = PBXFileReference; lastKnownFileType = sourcecode.swift; path = HomeViewModel.swift; sourceTree = "<group>"; };
		F7C184C329C8D9B40060617D /* UICollectionView+extension.swift */ = {isa = PBXFileReference; lastKnownFileType = sourcecode.swift; path = "UICollectionView+extension.swift"; sourceTree = "<group>"; };
		F7C184C529C8DE9D0060617D /* PopularCollectionViewCell.swift */ = {isa = PBXFileReference; lastKnownFileType = sourcecode.swift; path = PopularCollectionViewCell.swift; sourceTree = "<group>"; };
		F7C184C629C8DE9D0060617D /* PopularCollectionViewCell.xib */ = {isa = PBXFileReference; lastKnownFileType = file.xib; path = PopularCollectionViewCell.xib; sourceTree = "<group>"; };
		F7C184C929C8E4F20060617D /* Dish.swift */ = {isa = PBXFileReference; lastKnownFileType = sourcecode.swift; path = Dish.swift; sourceTree = "<group>"; };
		F7C184CB29C909E60060617D /* ChefCollectionViewCell.swift */ = {isa = PBXFileReference; lastKnownFileType = sourcecode.swift; path = ChefCollectionViewCell.swift; sourceTree = "<group>"; };
		F7C184CC29C909E60060617D /* ChefCollectionViewCell.xib */ = {isa = PBXFileReference; lastKnownFileType = file.xib; path = ChefCollectionViewCell.xib; sourceTree = "<group>"; };
		F7C92C8129C8096500F4E424 /* CategoryCollectionViewCell.swift */ = {isa = PBXFileReference; lastKnownFileType = sourcecode.swift; path = CategoryCollectionViewCell.swift; sourceTree = "<group>"; };
		F7C92C8229C8096500F4E424 /* CategoryCollectionViewCell.xib */ = {isa = PBXFileReference; lastKnownFileType = file.xib; path = CategoryCollectionViewCell.xib; sourceTree = "<group>"; };
		F7C92C8729C80D7000F4E424 /* DishCategory.swift */ = {isa = PBXFileReference; lastKnownFileType = sourcecode.swift; path = DishCategory.swift; sourceTree = "<group>"; };
		F7C92C8929C80E0500F4E424 /* String+extension.swift */ = {isa = PBXFileReference; lastKnownFileType = sourcecode.swift; path = "String+extension.swift"; sourceTree = "<group>"; };
		F7C92C8B29C817CC00F4E424 /* ShadowView.swift */ = {isa = PBXFileReference; lastKnownFileType = sourcecode.swift; path = ShadowView.swift; sourceTree = "<group>"; };
		F7F2E26529C93179003B62A8 /* DetailsViewController.swift */ = {isa = PBXFileReference; lastKnownFileType = sourcecode.swift; path = DetailsViewController.swift; sourceTree = "<group>"; };
		F7F2E26829C937C8003B62A8 /* UIViewController+Extension.swift */ = {isa = PBXFileReference; lastKnownFileType = sourcecode.swift; path = "UIViewController+Extension.swift"; sourceTree = "<group>"; };
		F7F2E26C29C9402C003B62A8 /* DetailsViewModel.swift */ = {isa = PBXFileReference; lastKnownFileType = sourcecode.swift; path = DetailsViewModel.swift; sourceTree = "<group>"; };
		F7F2E27129C963FA003B62A8 /* ListDishesViewController.swift */ = {isa = PBXFileReference; lastKnownFileType = sourcecode.swift; path = ListDishesViewController.swift; sourceTree = "<group>"; };
		F7F2E27429C9645B003B62A8 /* ListDishesTableViewCell.swift */ = {isa = PBXFileReference; lastKnownFileType = sourcecode.swift; path = ListDishesTableViewCell.swift; sourceTree = "<group>"; };
		F7F2E27529C9645B003B62A8 /* ListDishesTableViewCell.xib */ = {isa = PBXFileReference; lastKnownFileType = file.xib; path = ListDishesTableViewCell.xib; sourceTree = "<group>"; };
		F7F2E27B29C96899003B62A8 /* ListDishesViewModel.swift */ = {isa = PBXFileReference; lastKnownFileType = sourcecode.swift; path = ListDishesViewModel.swift; sourceTree = "<group>"; };
/* End PBXFileReference section */

/* Begin PBXFrameworksBuildPhase section */
		F74956CE29C76FAD009B8CA7 /* Frameworks */ = {
			isa = PBXFrameworksBuildPhase;
			buildActionMask = 2147483647;
			files = (
				E044E92C73A7FCB5E5102EB7 /* Pods_Hungry_.framework in Frameworks */,
			);
			runOnlyForDeploymentPostprocessing = 0;
		};
		F74956E429C76FAF009B8CA7 /* Frameworks */ = {
			isa = PBXFrameworksBuildPhase;
			buildActionMask = 2147483647;
			files = (
				915D0656074158025B5FCD00 /* Pods_Hungry_Tests.framework in Frameworks */,
			);
			runOnlyForDeploymentPostprocessing = 0;
		};
		F74956EE29C76FAF009B8CA7 /* Frameworks */ = {
			isa = PBXFrameworksBuildPhase;
			buildActionMask = 2147483647;
			files = (
				B74A4315D768386D355EE905 /* Pods_Hungry__Hungry_UITests.framework in Frameworks */,
			);
			runOnlyForDeploymentPostprocessing = 0;
		};
/* End PBXFrameworksBuildPhase section */

/* Begin PBXGroup section */
		4368E857DB194ED77FBB1E42 /* Pods */ = {
			isa = PBXGroup;
			children = (
				E91AED09EB676FB3F82E467B /* Pods-Hungry!.debug.xcconfig */,
				74AF1CC0884A15602EE84CD1 /* Pods-Hungry!.release.xcconfig */,
				0527FCB08790E9FB3D11476A /* Pods-Hungry!-Hungry!UITests.debug.xcconfig */,
				AEE02F8701F45AB11480BEBB /* Pods-Hungry!-Hungry!UITests.release.xcconfig */,
				A7717E254FB5AA5D9B94708E /* Pods-Hungry!Tests.debug.xcconfig */,
				45634BE8BB38886E1C199451 /* Pods-Hungry!Tests.release.xcconfig */,
			);
			path = Pods;
			sourceTree = "<group>";
		};
		A463C6A25345C84A93D5309D /* Frameworks */ = {
			isa = PBXGroup;
			children = (
				68AC5B4330C0BD6B96DF2466 /* Pods_Hungry_.framework */,
				E610D5A44814026FA74DD4F0 /* Pods_Hungry__Hungry_UITests.framework */,
				662F66DEE2FA62D9786130AD /* Pods_Hungry_Tests.framework */,
			);
			name = Frameworks;
			sourceTree = "<group>";
		};
		F716C7DB29CA7CEB0063C501 /* Orders */ = {
			isa = PBXGroup;
			children = (
				F716C7ED29CA80A10063C501 /* ViewModel */,
				F716C7E929CA802E0063C501 /* Model */,
				F716C7DC29CA7CF40063C501 /* View */,
			);
			path = Orders;
			sourceTree = "<group>";
		};
		F716C7DC29CA7CF40063C501 /* View */ = {
			isa = PBXGroup;
			children = (
				F716C7DD29CA7D3C0063C501 /* OrdersViewController.swift */,
			);
			path = View;
			sourceTree = "<group>";
		};
		F716C7E929CA802E0063C501 /* Model */ = {
			isa = PBXGroup;
			children = (
				F716C7EA29CA804A0063C501 /* Order.swift */,
			);
			path = Model;
			sourceTree = "<group>";
		};
		F716C7ED29CA80A10063C501 /* ViewModel */ = {
			isa = PBXGroup;
			children = (
				F716C7EE29CA80B40063C501 /* OrdersViewModel.swift */,
			);
			path = ViewModel;
			sourceTree = "<group>";
		};
		F716C7F129CAACA20063C501 /* Network */ = {
			isa = PBXGroup;
			children = (
				F716C7F229CAACBB0063C501 /* NetworkManager.swift */,
				F716C7F529CAAF280063C501 /* EndPoint.swift */,
				F716C7F829CAAFF80063C501 /* Methods.swift */,
				F716C7FB29CAB8540063C501 /* APIError.swift */,
				F74A0BB729CD6359007EFD14 /* ApiResponse.swift */,
			);
			path = Network;
			sourceTree = "<group>";
		};
		F74956C829C76FAD009B8CA7 = {
			isa = PBXGroup;
			children = (
				F74956D329C76FAD009B8CA7 /* Hungry! */,
				F74956EA29C76FAF009B8CA7 /* Hungry!Tests */,
				F74956F429C76FAF009B8CA7 /* Hungry!UITests */,
				F74956D229C76FAD009B8CA7 /* Products */,
				4368E857DB194ED77FBB1E42 /* Pods */,
				A463C6A25345C84A93D5309D /* Frameworks */,
			);
			sourceTree = "<group>";
		};
		F74956D229C76FAD009B8CA7 /* Products */ = {
			isa = PBXGroup;
			children = (
				F74956D129C76FAD009B8CA7 /* Hungry!.app */,
				F74956E729C76FAF009B8CA7 /* Hungry!Tests.xctest */,
				F74956F129C76FAF009B8CA7 /* Hungry!UITests.xctest */,
			);
			name = Products;
			sourceTree = "<group>";
		};
		F74956D329C76FAD009B8CA7 /* Hungry! */ = {
			isa = PBXGroup;
			children = (
				F75606CE29DC0FB200988BB6 /* GoogleService-Info.plist */,
				F716C7F129CAACA20063C501 /* Network */,
				F77419E829C806E800EB983B /* Module */,
				F77419E729C806C800EB983B /* View */,
				F749570829C77EB8009B8CA7 /* Extensions */,
				F749570429C77748009B8CA7 /* Models */,
				F74956D429C76FAD009B8CA7 /* AppDelegate.swift */,
				F74956D629C76FAD009B8CA7 /* SceneDelegate.swift */,
				F74956DD29C76FAE009B8CA7 /* Assets.xcassets */,
				F74956E229C76FAE009B8CA7 /* Info.plist */,
				F75606D429DC16B500988BB6 /* UserManager.swift */,
				F7AEA39529DD48EF00D1FCDA /* AlertMsg.swift */,
			);
			path = "Hungry!";
			sourceTree = "<group>";
		};
		F74956EA29C76FAF009B8CA7 /* Hungry!Tests */ = {
			isa = PBXGroup;
			children = (
				F74956EB29C76FAF009B8CA7 /* Hungry_Tests.swift */,
			);
			path = "Hungry!Tests";
			sourceTree = "<group>";
		};
		F74956F429C76FAF009B8CA7 /* Hungry!UITests */ = {
			isa = PBXGroup;
			children = (
				F74956F529C76FAF009B8CA7 /* Hungry_UITests.swift */,
				F74956F729C76FAF009B8CA7 /* Hungry_UITestsLaunchTests.swift */,
			);
			path = "Hungry!UITests";
			sourceTree = "<group>";
		};
		F749570429C77748009B8CA7 /* Models */ = {
			isa = PBXGroup;
			children = (
				F749570C29C78051009B8CA7 /* OnBoardingSlide.swift */,
			);
			path = Models;
			sourceTree = "<group>";
		};
		F749570829C77EB8009B8CA7 /* Extensions */ = {
			isa = PBXGroup;
			children = (
				F749570929C77EE8009B8CA7 /* UIView+extension.swift */,
				F7C92C8929C80E0500F4E424 /* String+extension.swift */,
				F7C184C329C8D9B40060617D /* UICollectionView+extension.swift */,
				F7F2E26829C937C8003B62A8 /* UIViewController+Extension.swift */,
				F716C7E029CA7E670063C501 /* UITableView+Extension.swift */,
			);
			path = Extensions;
			sourceTree = "<group>";
		};
		F77419E729C806C800EB983B /* View */ = {
			isa = PBXGroup;
			children = (
				F74956DA29C76FAD009B8CA7 /* Main.storyboard */,
				F74956DF29C76FAE009B8CA7 /* LaunchScreen.storyboard */,
				F7C92C8B29C817CC00F4E424 /* ShadowView.swift */,
			);
			path = View;
			sourceTree = "<group>";
		};
		F77419E829C806E800EB983B /* Module */ = {
			isa = PBXGroup;
			children = (
				F7AEA39729DD61C600D1FCDA /* Authentication */,
				F716C7DB29CA7CEB0063C501 /* Orders */,
				F7F2E26F29C963B6003B62A8 /* ListDishes */,
				F7F7C73729C926C100437DFD /* DishDetails */,
				F77419EC29C8076000EB983B /* Home */,
				F77419E929C806FD00EB983B /* OnBoarding */,
			);
			path = Module;
			sourceTree = "<group>";
		};
		F77419E929C806FD00EB983B /* OnBoarding */ = {
			isa = PBXGroup;
			children = (
				F77419EB29C8071E00EB983B /* ViewModel */,
				F77419EA29C8071300EB983B /* View */,
			);
			path = OnBoarding;
			sourceTree = "<group>";
		};
		F77419EA29C8071300EB983B /* View */ = {
			isa = PBXGroup;
			children = (
				F749570529C777C4009B8CA7 /* OnBoardingViewController.swift */,
				F749571229C78347009B8CA7 /* OnBoardingCollectionViewCell.swift */,
				F749571329C78347009B8CA7 /* OnBoardingCollectionViewCell.xib */,
			);
			path = View;
			sourceTree = "<group>";
		};
		F77419EB29C8071E00EB983B /* ViewModel */ = {
			isa = PBXGroup;
			children = (
				F749570F29C78131009B8CA7 /* OnBoardingViewModel.swift */,
			);
			path = ViewModel;
			sourceTree = "<group>";
		};
		F77419EC29C8076000EB983B /* Home */ = {
			isa = PBXGroup;
			children = (
				F7C184C029C8D53D0060617D /* ViewModel */,
				F7C92C8629C80D5E00F4E424 /* Model */,
				F77419ED29C8076C00EB983B /* View */,
			);
			path = Home;
			sourceTree = "<group>";
		};
		F77419ED29C8076C00EB983B /* View */ = {
			isa = PBXGroup;
			children = (
				F77419E129C7DC3500EB983B /* HomeViewController.swift */,
				F7C92C8129C8096500F4E424 /* CategoryCollectionViewCell.swift */,
				F7C92C8229C8096500F4E424 /* CategoryCollectionViewCell.xib */,
				F7C184C529C8DE9D0060617D /* PopularCollectionViewCell.swift */,
				F7C184C629C8DE9D0060617D /* PopularCollectionViewCell.xib */,
				F7C184CB29C909E60060617D /* ChefCollectionViewCell.swift */,
				F7C184CC29C909E60060617D /* ChefCollectionViewCell.xib */,
			);
			path = View;
			sourceTree = "<group>";
		};
		F7AEA39729DD61C600D1FCDA /* Authentication */ = {
			isa = PBXGroup;
			children = (
				F7AEA39929DD61DE00D1FCDA /* ViewModel */,
				F7AEA39829DD61D700D1FCDA /* View */,
			);
			path = Authentication;
			sourceTree = "<group>";
		};
		F7AEA39829DD61D700D1FCDA /* View */ = {
			isa = PBXGroup;
			children = (
				F75606C529DBF29000988BB6 /* AuthViewController.swift */,
				F75606C829DBF4E200988BB6 /* AuthCollectionViewCell.swift */,
				F75606C929DBF4E200988BB6 /* AuthCollectionViewCell.xib */,
			);
			path = View;
			sourceTree = "<group>";
		};
		F7AEA39929DD61DE00D1FCDA /* ViewModel */ = {
			isa = PBXGroup;
			children = (
				F75606D129DC130200988BB6 /* AuthViewModel.swift */,
			);
			path = ViewModel;
			sourceTree = "<group>";
		};
		F7C184C029C8D53D0060617D /* ViewModel */ = {
			isa = PBXGroup;
			children = (
				F7C184C129C8D55A0060617D /* HomeViewModel.swift */,
			);
			path = ViewModel;
			sourceTree = "<group>";
		};
		F7C92C8629C80D5E00F4E424 /* Model */ = {
			isa = PBXGroup;
			children = (
				F7C92C8729C80D7000F4E424 /* DishCategory.swift */,
				F7C184C929C8E4F20060617D /* Dish.swift */,
				F74A0BB929CD6E49007EFD14 /* Category.swift */,
				F773889829D6A37F00FE01AB /* AllDishes.swift */,
			);
			path = Model;
			sourceTree = "<group>";
		};
		F7F2E26B29C94013003B62A8 /* ViewModel */ = {
			isa = PBXGroup;
			children = (
				F7F2E26C29C9402C003B62A8 /* DetailsViewModel.swift */,
			);
			path = ViewModel;
			sourceTree = "<group>";
		};
		F7F2E26F29C963B6003B62A8 /* ListDishes */ = {
			isa = PBXGroup;
			children = (
				F7F2E27A29C96877003B62A8 /* ViewModel */,
				F7F2E27029C963DF003B62A8 /* View */,
			);
			path = ListDishes;
			sourceTree = "<group>";
		};
		F7F2E27029C963DF003B62A8 /* View */ = {
			isa = PBXGroup;
			children = (
				F7F2E27129C963FA003B62A8 /* ListDishesViewController.swift */,
				F7F2E27429C9645B003B62A8 /* ListDishesTableViewCell.swift */,
				F7F2E27529C9645B003B62A8 /* ListDishesTableViewCell.xib */,
			);
			path = View;
			sourceTree = "<group>";
		};
		F7F2E27A29C96877003B62A8 /* ViewModel */ = {
			isa = PBXGroup;
			children = (
				F7F2E27B29C96899003B62A8 /* ListDishesViewModel.swift */,
			);
			path = ViewModel;
			sourceTree = "<group>";
		};
		F7F7C73729C926C100437DFD /* DishDetails */ = {
			isa = PBXGroup;
			children = (
				F7F2E26B29C94013003B62A8 /* ViewModel */,
				F7F7C73829C926D800437DFD /* View */,
			);
			path = DishDetails;
			sourceTree = "<group>";
		};
		F7F7C73829C926D800437DFD /* View */ = {
			isa = PBXGroup;
			children = (
				F7F2E26529C93179003B62A8 /* DetailsViewController.swift */,
			);
			path = View;
			sourceTree = "<group>";
		};
/* End PBXGroup section */

/* Begin PBXNativeTarget section */
		F74956D029C76FAD009B8CA7 /* Hungry! */ = {
			isa = PBXNativeTarget;
			buildConfigurationList = F74956FB29C76FAF009B8CA7 /* Build configuration list for PBXNativeTarget "Hungry!" */;
			buildPhases = (
				477E0EB4414213B5DF7D153B /* [CP] Check Pods Manifest.lock */,
				F74956CD29C76FAD009B8CA7 /* Sources */,
				F74956CE29C76FAD009B8CA7 /* Frameworks */,
				F74956CF29C76FAD009B8CA7 /* Resources */,
				FEE3D08B4C9561601878D2DC /* [CP] Embed Pods Frameworks */,
			);
			buildRules = (
			);
			dependencies = (
			);
			name = "Hungry!";
			productName = "Hungry!";
			productReference = F74956D129C76FAD009B8CA7 /* Hungry!.app */;
			productType = "com.apple.product-type.application";
		};
		F74956E629C76FAF009B8CA7 /* Hungry!Tests */ = {
			isa = PBXNativeTarget;
			buildConfigurationList = F74956FE29C76FAF009B8CA7 /* Build configuration list for PBXNativeTarget "Hungry!Tests" */;
			buildPhases = (
				F32254EB2FCA8FDC9FB9998A /* [CP] Check Pods Manifest.lock */,
				F74956E329C76FAF009B8CA7 /* Sources */,
				F74956E429C76FAF009B8CA7 /* Frameworks */,
				F74956E529C76FAF009B8CA7 /* Resources */,
			);
			buildRules = (
			);
			dependencies = (
				F74956E929C76FAF009B8CA7 /* PBXTargetDependency */,
			);
			name = "Hungry!Tests";
			productName = "Hungry!Tests";
			productReference = F74956E729C76FAF009B8CA7 /* Hungry!Tests.xctest */;
			productType = "com.apple.product-type.bundle.unit-test";
		};
		F74956F029C76FAF009B8CA7 /* Hungry!UITests */ = {
			isa = PBXNativeTarget;
			buildConfigurationList = F749570129C76FAF009B8CA7 /* Build configuration list for PBXNativeTarget "Hungry!UITests" */;
			buildPhases = (
				468F143DFDC90CA8267A789A /* [CP] Check Pods Manifest.lock */,
				F74956ED29C76FAF009B8CA7 /* Sources */,
				F74956EE29C76FAF009B8CA7 /* Frameworks */,
				F74956EF29C76FAF009B8CA7 /* Resources */,
				9085F656897E410C676BA84C /* [CP] Embed Pods Frameworks */,
			);
			buildRules = (
			);
			dependencies = (
				F74956F329C76FAF009B8CA7 /* PBXTargetDependency */,
			);
			name = "Hungry!UITests";
			productName = "Hungry!UITests";
			productReference = F74956F129C76FAF009B8CA7 /* Hungry!UITests.xctest */;
			productType = "com.apple.product-type.bundle.ui-testing";
		};
/* End PBXNativeTarget section */

/* Begin PBXProject section */
		F74956C929C76FAD009B8CA7 /* Project object */ = {
			isa = PBXProject;
			attributes = {
				BuildIndependentTargetsInParallel = 1;
				LastSwiftUpdateCheck = 1410;
				LastUpgradeCheck = 1410;
				TargetAttributes = {
					F74956D029C76FAD009B8CA7 = {
						CreatedOnToolsVersion = 14.1;
					};
					F74956E629C76FAF009B8CA7 = {
						CreatedOnToolsVersion = 14.1;
						TestTargetID = F74956D029C76FAD009B8CA7;
					};
					F74956F029C76FAF009B8CA7 = {
						CreatedOnToolsVersion = 14.1;
						TestTargetID = F74956D029C76FAD009B8CA7;
					};
				};
			};
			buildConfigurationList = F74956CC29C76FAD009B8CA7 /* Build configuration list for PBXProject "Hungry!" */;
			compatibilityVersion = "Xcode 14.0";
			developmentRegion = en;
			hasScannedForEncodings = 0;
			knownRegions = (
				en,
				Base,
			);
			mainGroup = F74956C829C76FAD009B8CA7;
			productRefGroup = F74956D229C76FAD009B8CA7 /* Products */;
			projectDirPath = "";
			projectRoot = "";
			targets = (
				F74956D029C76FAD009B8CA7 /* Hungry! */,
				F74956E629C76FAF009B8CA7 /* Hungry!Tests */,
				F74956F029C76FAF009B8CA7 /* Hungry!UITests */,
			);
		};
/* End PBXProject section */

/* Begin PBXResourcesBuildPhase section */
		F74956CF29C76FAD009B8CA7 /* Resources */ = {
			isa = PBXResourcesBuildPhase;
			buildActionMask = 2147483647;
			files = (
				F74956E129C76FAE009B8CA7 /* LaunchScreen.storyboard in Resources */,
				F7C92C8429C8096500F4E424 /* CategoryCollectionViewCell.xib in Resources */,
				F74956DE29C76FAE009B8CA7 /* Assets.xcassets in Resources */,
				F7F2E27829C9645B003B62A8 /* ListDishesTableViewCell.xib in Resources */,
				F7C184CE29C909E60060617D /* ChefCollectionViewCell.xib in Resources */,
				F749571629C78347009B8CA7 /* OnBoardingCollectionViewCell.xib in Resources */,
				F75606CC29DBF4E200988BB6 /* AuthCollectionViewCell.xib in Resources */,
				F75606CF29DC0FB200988BB6 /* GoogleService-Info.plist in Resources */,
				F7C184C829C8DE9D0060617D /* PopularCollectionViewCell.xib in Resources */,
				F74956DC29C76FAD009B8CA7 /* Main.storyboard in Resources */,
			);
			runOnlyForDeploymentPostprocessing = 0;
		};
		F74956E529C76FAF009B8CA7 /* Resources */ = {
			isa = PBXResourcesBuildPhase;
			buildActionMask = 2147483647;
			files = (
				F75606CD29DBF4E200988BB6 /* AuthCollectionViewCell.xib in Resources */,
				F75606D029DC0FB200988BB6 /* GoogleService-Info.plist in Resources */,
				F749571729C78347009B8CA7 /* OnBoardingCollectionViewCell.xib in Resources */,
				F7F2E27929C9645B003B62A8 /* ListDishesTableViewCell.xib in Resources */,
			);
			runOnlyForDeploymentPostprocessing = 0;
		};
		F74956EF29C76FAF009B8CA7 /* Resources */ = {
			isa = PBXResourcesBuildPhase;
			buildActionMask = 2147483647;
			files = (
			);
			runOnlyForDeploymentPostprocessing = 0;
		};
/* End PBXResourcesBuildPhase section */

/* Begin PBXShellScriptBuildPhase section */
		468F143DFDC90CA8267A789A /* [CP] Check Pods Manifest.lock */ = {
			isa = PBXShellScriptBuildPhase;
			buildActionMask = 2147483647;
			files = (
			);
			inputFileListPaths = (
			);
			inputPaths = (
				"${PODS_PODFILE_DIR_PATH}/Podfile.lock",
				"${PODS_ROOT}/Manifest.lock",
			);
			name = "[CP] Check Pods Manifest.lock";
			outputFileListPaths = (
			);
			outputPaths = (
				"$(DERIVED_FILE_DIR)/Pods-Hungry!-Hungry!UITests-checkManifestLockResult.txt",
			);
			runOnlyForDeploymentPostprocessing = 0;
			shellPath = /bin/sh;
			shellScript = "diff \"${PODS_PODFILE_DIR_PATH}/Podfile.lock\" \"${PODS_ROOT}/Manifest.lock\" > /dev/null\nif [ $? != 0 ] ; then\n    # print error to STDERR\n    echo \"error: The sandbox is not in sync with the Podfile.lock. Run 'pod install' or update your CocoaPods installation.\" >&2\n    exit 1\nfi\n# This output is used by Xcode 'outputs' to avoid re-running this script phase.\necho \"SUCCESS\" > \"${SCRIPT_OUTPUT_FILE_0}\"\n";
			showEnvVarsInLog = 0;
		};
		477E0EB4414213B5DF7D153B /* [CP] Check Pods Manifest.lock */ = {
			isa = PBXShellScriptBuildPhase;
			buildActionMask = 2147483647;
			files = (
			);
			inputFileListPaths = (
			);
			inputPaths = (
				"${PODS_PODFILE_DIR_PATH}/Podfile.lock",
				"${PODS_ROOT}/Manifest.lock",
			);
			name = "[CP] Check Pods Manifest.lock";
			outputFileListPaths = (
			);
			outputPaths = (
				"$(DERIVED_FILE_DIR)/Pods-Hungry!-checkManifestLockResult.txt",
			);
			runOnlyForDeploymentPostprocessing = 0;
			shellPath = /bin/sh;
			shellScript = "diff \"${PODS_PODFILE_DIR_PATH}/Podfile.lock\" \"${PODS_ROOT}/Manifest.lock\" > /dev/null\nif [ $? != 0 ] ; then\n    # print error to STDERR\n    echo \"error: The sandbox is not in sync with the Podfile.lock. Run 'pod install' or update your CocoaPods installation.\" >&2\n    exit 1\nfi\n# This output is used by Xcode 'outputs' to avoid re-running this script phase.\necho \"SUCCESS\" > \"${SCRIPT_OUTPUT_FILE_0}\"\n";
			showEnvVarsInLog = 0;
		};
		9085F656897E410C676BA84C /* [CP] Embed Pods Frameworks */ = {
			isa = PBXShellScriptBuildPhase;
			buildActionMask = 2147483647;
			files = (
			);
			inputFileListPaths = (
				"${PODS_ROOT}/Target Support Files/Pods-Hungry!-Hungry!UITests/Pods-Hungry!-Hungry!UITests-frameworks-${CONFIGURATION}-input-files.xcfilelist",
			);
			name = "[CP] Embed Pods Frameworks";
			outputFileListPaths = (
				"${PODS_ROOT}/Target Support Files/Pods-Hungry!-Hungry!UITests/Pods-Hungry!-Hungry!UITests-frameworks-${CONFIGURATION}-output-files.xcfilelist",
			);
			runOnlyForDeploymentPostprocessing = 0;
			shellPath = /bin/sh;
			shellScript = "\"${PODS_ROOT}/Target Support Files/Pods-Hungry!-Hungry!UITests/Pods-Hungry!-Hungry!UITests-frameworks.sh\"\n";
			showEnvVarsInLog = 0;
		};
		F32254EB2FCA8FDC9FB9998A /* [CP] Check Pods Manifest.lock */ = {
			isa = PBXShellScriptBuildPhase;
			buildActionMask = 2147483647;
			files = (
			);
			inputFileListPaths = (
			);
			inputPaths = (
				"${PODS_PODFILE_DIR_PATH}/Podfile.lock",
				"${PODS_ROOT}/Manifest.lock",
			);
			name = "[CP] Check Pods Manifest.lock";
			outputFileListPaths = (
			);
			outputPaths = (
				"$(DERIVED_FILE_DIR)/Pods-Hungry!Tests-checkManifestLockResult.txt",
			);
			runOnlyForDeploymentPostprocessing = 0;
			shellPath = /bin/sh;
			shellScript = "diff \"${PODS_PODFILE_DIR_PATH}/Podfile.lock\" \"${PODS_ROOT}/Manifest.lock\" > /dev/null\nif [ $? != 0 ] ; then\n    # print error to STDERR\n    echo \"error: The sandbox is not in sync with the Podfile.lock. Run 'pod install' or update your CocoaPods installation.\" >&2\n    exit 1\nfi\n# This output is used by Xcode 'outputs' to avoid re-running this script phase.\necho \"SUCCESS\" > \"${SCRIPT_OUTPUT_FILE_0}\"\n";
			showEnvVarsInLog = 0;
		};
		FEE3D08B4C9561601878D2DC /* [CP] Embed Pods Frameworks */ = {
			isa = PBXShellScriptBuildPhase;
			buildActionMask = 2147483647;
			files = (
			);
			inputFileListPaths = (
				"${PODS_ROOT}/Target Support Files/Pods-Hungry!/Pods-Hungry!-frameworks-${CONFIGURATION}-input-files.xcfilelist",
			);
			name = "[CP] Embed Pods Frameworks";
			outputFileListPaths = (
				"${PODS_ROOT}/Target Support Files/Pods-Hungry!/Pods-Hungry!-frameworks-${CONFIGURATION}-output-files.xcfilelist",
			);
			runOnlyForDeploymentPostprocessing = 0;
			shellPath = /bin/sh;
			shellScript = "\"${PODS_ROOT}/Target Support Files/Pods-Hungry!/Pods-Hungry!-frameworks.sh\"\n";
			showEnvVarsInLog = 0;
		};
/* End PBXShellScriptBuildPhase section */

/* Begin PBXSourcesBuildPhase section */
		F74956CD29C76FAD009B8CA7 /* Sources */ = {
			isa = PBXSourcesBuildPhase;
			buildActionMask = 2147483647;
			files = (
				F7C92C8C29C817CC00F4E424 /* ShadowView.swift in Sources */,
				F749571429C78347009B8CA7 /* OnBoardingCollectionViewCell.swift in Sources */,
				F75606D529DC16B500988BB6 /* UserManager.swift in Sources */,
				F7C92C8829C80D7000F4E424 /* DishCategory.swift in Sources */,
				F7AEA39629DD48EF00D1FCDA /* AlertMsg.swift in Sources */,
				F74956D529C76FAD009B8CA7 /* AppDelegate.swift in Sources */,
				F74956D729C76FAD009B8CA7 /* SceneDelegate.swift in Sources */,
				F7F2E27C29C96899003B62A8 /* ListDishesViewModel.swift in Sources */,
				F77419E329C7DC3500EB983B /* HomeViewController.swift in Sources */,
				F773889929D6A37F00FE01AB /* AllDishes.swift in Sources */,
				F75606CA29DBF4E200988BB6 /* AuthCollectionViewCell.swift in Sources */,
				F716C7EF29CA80B40063C501 /* OrdersViewModel.swift in Sources */,
				F7C184C429C8D9B40060617D /* UICollectionView+extension.swift in Sources */,
				F7F2E26D29C9402C003B62A8 /* DetailsViewModel.swift in Sources */,
				F716C7FC29CAB8540063C501 /* APIError.swift in Sources */,
				F7C92C8A29C80E0500F4E424 /* String+extension.swift in Sources */,
				F716C7F629CAAF280063C501 /* EndPoint.swift in Sources */,
				F716C7EB29CA804A0063C501 /* Order.swift in Sources */,
				F7F2E26929C937C8003B62A8 /* UIViewController+Extension.swift in Sources */,
				F7C184CD29C909E60060617D /* ChefCollectionViewCell.swift in Sources */,
				F75606C629DBF29000988BB6 /* AuthViewController.swift in Sources */,
				F7C92C8329C8096500F4E424 /* CategoryCollectionViewCell.swift in Sources */,
				F7C184C229C8D55A0060617D /* HomeViewModel.swift in Sources */,
				F7F2E26629C93179003B62A8 /* DetailsViewController.swift in Sources */,
				F7F2E27229C963FA003B62A8 /* ListDishesViewController.swift in Sources */,
				F749570A29C77EE8009B8CA7 /* UIView+extension.swift in Sources */,
				F74A0BB829CD6359007EFD14 /* ApiResponse.swift in Sources */,
				F716C7E129CA7E670063C501 /* UITableView+Extension.swift in Sources */,
				F749571029C78131009B8CA7 /* OnBoardingViewModel.swift in Sources */,
				F7C184C729C8DE9D0060617D /* PopularCollectionViewCell.swift in Sources */,
				F716C7DE29CA7D3C0063C501 /* OrdersViewController.swift in Sources */,
				F7C184CA29C8E4F20060617D /* Dish.swift in Sources */,
				F716C7F329CAACBB0063C501 /* NetworkManager.swift in Sources */,
				F749570629C777C4009B8CA7 /* OnBoardingViewController.swift in Sources */,
				F749570D29C78051009B8CA7 /* OnBoardingSlide.swift in Sources */,
				F716C7F929CAAFF80063C501 /* Methods.swift in Sources */,
				F7F2E27629C9645B003B62A8 /* ListDishesTableViewCell.swift in Sources */,
				F74A0BBA29CD6E49007EFD14 /* Category.swift in Sources */,
				F75606D229DC130200988BB6 /* AuthViewModel.swift in Sources */,
			);
			runOnlyForDeploymentPostprocessing = 0;
		};
		F74956E329C76FAF009B8CA7 /* Sources */ = {
			isa = PBXSourcesBuildPhase;
			buildActionMask = 2147483647;
			files = (
				F716C7F429CAACBB0063C501 /* NetworkManager.swift in Sources */,
				F716C7FA29CAAFF80063C501 /* Methods.swift in Sources */,
				F7C92C8529C8097500F4E424 /* CategoryCollectionViewCell.swift in Sources */,
				F716C7F729CAAF280063C501 /* EndPoint.swift in Sources */,
				F749570E29C78051009B8CA7 /* OnBoardingSlide.swift in Sources */,
				F7F2E26729C93179003B62A8 /* DetailsViewController.swift in Sources */,
				F7F2E27729C9645B003B62A8 /* ListDishesTableViewCell.swift in Sources */,
				F7F2E27D29C96899003B62A8 /* ListDishesViewModel.swift in Sources */,
				F75606CB29DBF4E200988BB6 /* AuthCollectionViewCell.swift in Sources */,
				F749570B29C77EE8009B8CA7 /* UIView+extension.swift in Sources */,
				F716C7EC29CA804A0063C501 /* Order.swift in Sources */,
				F716C7F029CA80B40063C501 /* OrdersViewModel.swift in Sources */,
				F749571129C78131009B8CA7 /* OnBoardingViewModel.swift in Sources */,
				F749571529C78347009B8CA7 /* OnBoardingCollectionViewCell.swift in Sources */,
				F74956EC29C76FAF009B8CA7 /* Hungry_Tests.swift in Sources */,
				F7F2E26E29C9402C003B62A8 /* DetailsViewModel.swift in Sources */,
				F75606D629DC16B500988BB6 /* UserManager.swift in Sources */,
				F716C7DF29CA7D3C0063C501 /* OrdersViewController.swift in Sources */,
				F75606C729DBF29000988BB6 /* AuthViewController.swift in Sources */,
				F7F2E27329C963FA003B62A8 /* ListDishesViewController.swift in Sources */,
				F77419E429C7DC3500EB983B /* HomeViewController.swift in Sources */,
				F75606D329DC130200988BB6 /* AuthViewModel.swift in Sources */,
				F7F2E26A29C937C8003B62A8 /* UIViewController+Extension.swift in Sources */,
				F749570729C777C4009B8CA7 /* OnBoardingViewController.swift in Sources */,
				F716C7E229CA7E670063C501 /* UITableView+Extension.swift in Sources */,
				F716C7FD29CAB8540063C501 /* APIError.swift in Sources */,
			);
			runOnlyForDeploymentPostprocessing = 0;
		};
		F74956ED29C76FAF009B8CA7 /* Sources */ = {
			isa = PBXSourcesBuildPhase;
			buildActionMask = 2147483647;
			files = (
				F74956F629C76FAF009B8CA7 /* Hungry_UITests.swift in Sources */,
				F74956F829C76FAF009B8CA7 /* Hungry_UITestsLaunchTests.swift in Sources */,
			);
			runOnlyForDeploymentPostprocessing = 0;
		};
/* End PBXSourcesBuildPhase section */

/* Begin PBXTargetDependency section */
		F74956E929C76FAF009B8CA7 /* PBXTargetDependency */ = {
			isa = PBXTargetDependency;
			target = F74956D029C76FAD009B8CA7 /* Hungry! */;
			targetProxy = F74956E829C76FAF009B8CA7 /* PBXContainerItemProxy */;
		};
		F74956F329C76FAF009B8CA7 /* PBXTargetDependency */ = {
			isa = PBXTargetDependency;
			target = F74956D029C76FAD009B8CA7 /* Hungry! */;
			targetProxy = F74956F229C76FAF009B8CA7 /* PBXContainerItemProxy */;
		};
/* End PBXTargetDependency section */

/* Begin PBXVariantGroup section */
		F74956DA29C76FAD009B8CA7 /* Main.storyboard */ = {
			isa = PBXVariantGroup;
			children = (
				F74956DB29C76FAD009B8CA7 /* Base */,
			);
			name = Main.storyboard;
			sourceTree = "<group>";
		};
		F74956DF29C76FAE009B8CA7 /* LaunchScreen.storyboard */ = {
			isa = PBXVariantGroup;
			children = (
				F74956E029C76FAE009B8CA7 /* Base */,
			);
			name = LaunchScreen.storyboard;
			sourceTree = "<group>";
		};
/* End PBXVariantGroup section */

/* Begin XCBuildConfiguration section */
		F74956F929C76FAF009B8CA7 /* Debug */ = {
			isa = XCBuildConfiguration;
			buildSettings = {
				ALWAYS_SEARCH_USER_PATHS = NO;
				CLANG_ANALYZER_NONNULL = YES;
				CLANG_ANALYZER_NUMBER_OBJECT_CONVERSION = YES_AGGRESSIVE;
				CLANG_CXX_LANGUAGE_STANDARD = "gnu++20";
				CLANG_ENABLE_MODULES = YES;
				CLANG_ENABLE_OBJC_ARC = YES;
				CLANG_ENABLE_OBJC_WEAK = YES;
				CLANG_WARN_BLOCK_CAPTURE_AUTORELEASING = YES;
				CLANG_WARN_BOOL_CONVERSION = YES;
				CLANG_WARN_COMMA = YES;
				CLANG_WARN_CONSTANT_CONVERSION = YES;
				CLANG_WARN_DEPRECATED_OBJC_IMPLEMENTATIONS = YES;
				CLANG_WARN_DIRECT_OBJC_ISA_USAGE = YES_ERROR;
				CLANG_WARN_DOCUMENTATION_COMMENTS = YES;
				CLANG_WARN_EMPTY_BODY = YES;
				CLANG_WARN_ENUM_CONVERSION = YES;
				CLANG_WARN_INFINITE_RECURSION = YES;
				CLANG_WARN_INT_CONVERSION = YES;
				CLANG_WARN_NON_LITERAL_NULL_CONVERSION = YES;
				CLANG_WARN_OBJC_IMPLICIT_RETAIN_SELF = YES;
				CLANG_WARN_OBJC_LITERAL_CONVERSION = YES;
				CLANG_WARN_OBJC_ROOT_CLASS = YES_ERROR;
				CLANG_WARN_QUOTED_INCLUDE_IN_FRAMEWORK_HEADER = YES;
				CLANG_WARN_RANGE_LOOP_ANALYSIS = YES;
				CLANG_WARN_STRICT_PROTOTYPES = YES;
				CLANG_WARN_SUSPICIOUS_MOVE = YES;
				CLANG_WARN_UNGUARDED_AVAILABILITY = YES_AGGRESSIVE;
				CLANG_WARN_UNREACHABLE_CODE = YES;
				CLANG_WARN__DUPLICATE_METHOD_MATCH = YES;
				COPY_PHASE_STRIP = NO;
				DEBUG_INFORMATION_FORMAT = dwarf;
				ENABLE_STRICT_OBJC_MSGSEND = YES;
				ENABLE_TESTABILITY = YES;
				GCC_C_LANGUAGE_STANDARD = gnu11;
				GCC_DYNAMIC_NO_PIC = NO;
				GCC_NO_COMMON_BLOCKS = YES;
				GCC_OPTIMIZATION_LEVEL = 0;
				GCC_PREPROCESSOR_DEFINITIONS = (
					"DEBUG=1",
					"$(inherited)",
				);
				GCC_WARN_64_TO_32_BIT_CONVERSION = YES;
				GCC_WARN_ABOUT_RETURN_TYPE = YES_ERROR;
				GCC_WARN_UNDECLARED_SELECTOR = YES;
				GCC_WARN_UNINITIALIZED_AUTOS = YES_AGGRESSIVE;
				GCC_WARN_UNUSED_FUNCTION = YES;
				GCC_WARN_UNUSED_VARIABLE = YES;
				IPHONEOS_DEPLOYMENT_TARGET = 16.1;
				MTL_ENABLE_DEBUG_INFO = INCLUDE_SOURCE;
				MTL_FAST_MATH = YES;
				ONLY_ACTIVE_ARCH = YES;
				SDKROOT = iphoneos;
				SWIFT_ACTIVE_COMPILATION_CONDITIONS = DEBUG;
				SWIFT_OPTIMIZATION_LEVEL = "-Onone";
			};
			name = Debug;
		};
		F74956FA29C76FAF009B8CA7 /* Release */ = {
			isa = XCBuildConfiguration;
			buildSettings = {
				ALWAYS_SEARCH_USER_PATHS = NO;
				CLANG_ANALYZER_NONNULL = YES;
				CLANG_ANALYZER_NUMBER_OBJECT_CONVERSION = YES_AGGRESSIVE;
				CLANG_CXX_LANGUAGE_STANDARD = "gnu++20";
				CLANG_ENABLE_MODULES = YES;
				CLANG_ENABLE_OBJC_ARC = YES;
				CLANG_ENABLE_OBJC_WEAK = YES;
				CLANG_WARN_BLOCK_CAPTURE_AUTORELEASING = YES;
				CLANG_WARN_BOOL_CONVERSION = YES;
				CLANG_WARN_COMMA = YES;
				CLANG_WARN_CONSTANT_CONVERSION = YES;
				CLANG_WARN_DEPRECATED_OBJC_IMPLEMENTATIONS = YES;
				CLANG_WARN_DIRECT_OBJC_ISA_USAGE = YES_ERROR;
				CLANG_WARN_DOCUMENTATION_COMMENTS = YES;
				CLANG_WARN_EMPTY_BODY = YES;
				CLANG_WARN_ENUM_CONVERSION = YES;
				CLANG_WARN_INFINITE_RECURSION = YES;
				CLANG_WARN_INT_CONVERSION = YES;
				CLANG_WARN_NON_LITERAL_NULL_CONVERSION = YES;
				CLANG_WARN_OBJC_IMPLICIT_RETAIN_SELF = YES;
				CLANG_WARN_OBJC_LITERAL_CONVERSION = YES;
				CLANG_WARN_OBJC_ROOT_CLASS = YES_ERROR;
				CLANG_WARN_QUOTED_INCLUDE_IN_FRAMEWORK_HEADER = YES;
				CLANG_WARN_RANGE_LOOP_ANALYSIS = YES;
				CLANG_WARN_STRICT_PROTOTYPES = YES;
				CLANG_WARN_SUSPICIOUS_MOVE = YES;
				CLANG_WARN_UNGUARDED_AVAILABILITY = YES_AGGRESSIVE;
				CLANG_WARN_UNREACHABLE_CODE = YES;
				CLANG_WARN__DUPLICATE_METHOD_MATCH = YES;
				COPY_PHASE_STRIP = NO;
				DEBUG_INFORMATION_FORMAT = "dwarf-with-dsym";
				ENABLE_NS_ASSERTIONS = NO;
				ENABLE_STRICT_OBJC_MSGSEND = YES;
				GCC_C_LANGUAGE_STANDARD = gnu11;
				GCC_NO_COMMON_BLOCKS = YES;
				GCC_WARN_64_TO_32_BIT_CONVERSION = YES;
				GCC_WARN_ABOUT_RETURN_TYPE = YES_ERROR;
				GCC_WARN_UNDECLARED_SELECTOR = YES;
				GCC_WARN_UNINITIALIZED_AUTOS = YES_AGGRESSIVE;
				GCC_WARN_UNUSED_FUNCTION = YES;
				GCC_WARN_UNUSED_VARIABLE = YES;
				IPHONEOS_DEPLOYMENT_TARGET = 16.1;
				MTL_ENABLE_DEBUG_INFO = NO;
				MTL_FAST_MATH = YES;
				SDKROOT = iphoneos;
				SWIFT_COMPILATION_MODE = wholemodule;
				SWIFT_OPTIMIZATION_LEVEL = "-O";
				VALIDATE_PRODUCT = YES;
			};
			name = Release;
		};
		F74956FC29C76FAF009B8CA7 /* Debug */ = {
			isa = XCBuildConfiguration;
			baseConfigurationReference = E91AED09EB676FB3F82E467B /* Pods-Hungry!.debug.xcconfig */;
			buildSettings = {
				ASSETCATALOG_COMPILER_APPICON_NAME = AppIcon;
				ASSETCATALOG_COMPILER_GLOBAL_ACCENT_COLOR_NAME = AccentColor;
				CODE_SIGN_STYLE = Automatic;
				CURRENT_PROJECT_VERSION = 1;
				DEVELOPMENT_TEAM = TP8LF837KP;
				GENERATE_INFOPLIST_FILE = YES;
				INFOPLIST_FILE = "Hungry!/Info.plist";
				INFOPLIST_KEY_UIApplicationSupportsIndirectInputEvents = YES;
				INFOPLIST_KEY_UILaunchStoryboardName = LaunchScreen;
				INFOPLIST_KEY_UIMainStoryboardFile = Main;
				INFOPLIST_KEY_UISupportedInterfaceOrientations_iPad = "UIInterfaceOrientationPortrait UIInterfaceOrientationPortraitUpsideDown UIInterfaceOrientationLandscapeLeft UIInterfaceOrientationLandscapeRight";
				INFOPLIST_KEY_UISupportedInterfaceOrientations_iPhone = "UIInterfaceOrientationPortrait UIInterfaceOrientationLandscapeLeft UIInterfaceOrientationLandscapeRight";
				LD_RUNPATH_SEARCH_PATHS = (
					"$(inherited)",
					"@executable_path/Frameworks",
				);
				MARKETING_VERSION = 1.0;
				PRODUCT_BUNDLE_IDENTIFIER = "com.future.Hungry-";
				PRODUCT_NAME = "$(TARGET_NAME)";
				SWIFT_EMIT_LOC_STRINGS = YES;
				SWIFT_VERSION = 5.0;
				TARGETED_DEVICE_FAMILY = "1,2";
			};
			name = Debug;
		};
		F74956FD29C76FAF009B8CA7 /* Release */ = {
			isa = XCBuildConfiguration;
			baseConfigurationReference = 74AF1CC0884A15602EE84CD1 /* Pods-Hungry!.release.xcconfig */;
			buildSettings = {
				ASSETCATALOG_COMPILER_APPICON_NAME = AppIcon;
				ASSETCATALOG_COMPILER_GLOBAL_ACCENT_COLOR_NAME = AccentColor;
				CODE_SIGN_STYLE = Automatic;
				CURRENT_PROJECT_VERSION = 1;
				DEVELOPMENT_TEAM = TP8LF837KP;
				GENERATE_INFOPLIST_FILE = YES;
				INFOPLIST_FILE = "Hungry!/Info.plist";
				INFOPLIST_KEY_UIApplicationSupportsIndirectInputEvents = YES;
				INFOPLIST_KEY_UILaunchStoryboardName = LaunchScreen;
				INFOPLIST_KEY_UIMainStoryboardFile = Main;
				INFOPLIST_KEY_UISupportedInterfaceOrientations_iPad = "UIInterfaceOrientationPortrait UIInterfaceOrientationPortraitUpsideDown UIInterfaceOrientationLandscapeLeft UIInterfaceOrientationLandscapeRight";
				INFOPLIST_KEY_UISupportedInterfaceOrientations_iPhone = "UIInterfaceOrientationPortrait UIInterfaceOrientationLandscapeLeft UIInterfaceOrientationLandscapeRight";
				LD_RUNPATH_SEARCH_PATHS = (
					"$(inherited)",
					"@executable_path/Frameworks",
				);
				MARKETING_VERSION = 1.0;
				PRODUCT_BUNDLE_IDENTIFIER = "com.future.Hungry-";
				PRODUCT_NAME = "$(TARGET_NAME)";
				SWIFT_EMIT_LOC_STRINGS = YES;
				SWIFT_VERSION = 5.0;
				TARGETED_DEVICE_FAMILY = "1,2";
			};
			name = Release;
		};
		F74956FF29C76FAF009B8CA7 /* Debug */ = {
			isa = XCBuildConfiguration;
			baseConfigurationReference = A7717E254FB5AA5D9B94708E /* Pods-Hungry!Tests.debug.xcconfig */;
			buildSettings = {
				ALWAYS_EMBED_SWIFT_STANDARD_LIBRARIES = YES;
				BUNDLE_LOADER = "$(TEST_HOST)";
				CODE_SIGN_STYLE = Automatic;
				CURRENT_PROJECT_VERSION = 1;
				DEVELOPMENT_TEAM = TP8LF837KP;
				GENERATE_INFOPLIST_FILE = YES;
				IPHONEOS_DEPLOYMENT_TARGET = 16.1;
				MARKETING_VERSION = 1.0;
				PRODUCT_BUNDLE_IDENTIFIER = "com.future.Hungry-Tests";
				PRODUCT_NAME = "$(TARGET_NAME)";
				SWIFT_EMIT_LOC_STRINGS = NO;
				SWIFT_VERSION = 5.0;
				TARGETED_DEVICE_FAMILY = "1,2";
				TEST_HOST = "$(BUILT_PRODUCTS_DIR)/Hungry!.app/$(BUNDLE_EXECUTABLE_FOLDER_PATH)/Hungry!";
			};
			name = Debug;
		};
		F749570029C76FAF009B8CA7 /* Release */ = {
			isa = XCBuildConfiguration;
			baseConfigurationReference = 45634BE8BB38886E1C199451 /* Pods-Hungry!Tests.release.xcconfig */;
			buildSettings = {
				ALWAYS_EMBED_SWIFT_STANDARD_LIBRARIES = YES;
				BUNDLE_LOADER = "$(TEST_HOST)";
				CODE_SIGN_STYLE = Automatic;
				CURRENT_PROJECT_VERSION = 1;
				DEVELOPMENT_TEAM = TP8LF837KP;
				GENERATE_INFOPLIST_FILE = YES;
				IPHONEOS_DEPLOYMENT_TARGET = 16.1;
				MARKETING_VERSION = 1.0;
				PRODUCT_BUNDLE_IDENTIFIER = "com.future.Hungry-Tests";
				PRODUCT_NAME = "$(TARGET_NAME)";
				SWIFT_EMIT_LOC_STRINGS = NO;
				SWIFT_VERSION = 5.0;
				TARGETED_DEVICE_FAMILY = "1,2";
				TEST_HOST = "$(BUILT_PRODUCTS_DIR)/Hungry!.app/$(BUNDLE_EXECUTABLE_FOLDER_PATH)/Hungry!";
			};
			name = Release;
		};
		F749570229C76FAF009B8CA7 /* Debug */ = {
			isa = XCBuildConfiguration;
			baseConfigurationReference = 0527FCB08790E9FB3D11476A /* Pods-Hungry!-Hungry!UITests.debug.xcconfig */;
			buildSettings = {
				ALWAYS_EMBED_SWIFT_STANDARD_LIBRARIES = YES;
				CODE_SIGN_STYLE = Automatic;
				CURRENT_PROJECT_VERSION = 1;
				DEVELOPMENT_TEAM = TP8LF837KP;
				GENERATE_INFOPLIST_FILE = YES;
				MARKETING_VERSION = 1.0;
				PRODUCT_BUNDLE_IDENTIFIER = "com.future.Hungry-UITests";
				PRODUCT_NAME = "$(TARGET_NAME)";
				SWIFT_EMIT_LOC_STRINGS = NO;
				SWIFT_VERSION = 5.0;
				TARGETED_DEVICE_FAMILY = "1,2";
				TEST_TARGET_NAME = "Hungry!";
			};
			name = Debug;
		};
		F749570329C76FAF009B8CA7 /* Release */ = {
			isa = XCBuildConfiguration;
			baseConfigurationReference = AEE02F8701F45AB11480BEBB /* Pods-Hungry!-Hungry!UITests.release.xcconfig */;
			buildSettings = {
				ALWAYS_EMBED_SWIFT_STANDARD_LIBRARIES = YES;
				CODE_SIGN_STYLE = Automatic;
				CURRENT_PROJECT_VERSION = 1;
				DEVELOPMENT_TEAM = TP8LF837KP;
				GENERATE_INFOPLIST_FILE = YES;
				MARKETING_VERSION = 1.0;
				PRODUCT_BUNDLE_IDENTIFIER = "com.future.Hungry-UITests";
				PRODUCT_NAME = "$(TARGET_NAME)";
				SWIFT_EMIT_LOC_STRINGS = NO;
				SWIFT_VERSION = 5.0;
				TARGETED_DEVICE_FAMILY = "1,2";
				TEST_TARGET_NAME = "Hungry!";
			};
			name = Release;
		};
/* End XCBuildConfiguration section */

/* Begin XCConfigurationList section */
		F74956CC29C76FAD009B8CA7 /* Build configuration list for PBXProject "Hungry!" */ = {
			isa = XCConfigurationList;
			buildConfigurations = (
				F74956F929C76FAF009B8CA7 /* Debug */,
				F74956FA29C76FAF009B8CA7 /* Release */,
			);
			defaultConfigurationIsVisible = 0;
			defaultConfigurationName = Release;
		};
		F74956FB29C76FAF009B8CA7 /* Build configuration list for PBXNativeTarget "Hungry!" */ = {
			isa = XCConfigurationList;
			buildConfigurations = (
				F74956FC29C76FAF009B8CA7 /* Debug */,
				F74956FD29C76FAF009B8CA7 /* Release */,
			);
			defaultConfigurationIsVisible = 0;
			defaultConfigurationName = Release;
		};
		F74956FE29C76FAF009B8CA7 /* Build configuration list for PBXNativeTarget "Hungry!Tests" */ = {
			isa = XCConfigurationList;
			buildConfigurations = (
				F74956FF29C76FAF009B8CA7 /* Debug */,
				F749570029C76FAF009B8CA7 /* Release */,
			);
			defaultConfigurationIsVisible = 0;
			defaultConfigurationName = Release;
		};
		F749570129C76FAF009B8CA7 /* Build configuration list for PBXNativeTarget "Hungry!UITests" */ = {
			isa = XCConfigurationList;
			buildConfigurations = (
				F749570229C76FAF009B8CA7 /* Debug */,
				F749570329C76FAF009B8CA7 /* Release */,
			);
			defaultConfigurationIsVisible = 0;
			defaultConfigurationName = Release;
		};
/* End XCConfigurationList section */
	};
	rootObject = F74956C929C76FAD009B8CA7 /* Project object */;
}
